// !$*UTF8*$!
{
	archiveVersion = 1;
	classes = {
	};
	objectVersion = 56;
	objects = {

/* Begin PBXBuildFile section */
		000000000000000000001002 /* PhysiqueOSApp.swift in Sources */ = {isa = PBXBuildFile; fileRef = 000000000000000000001001 /* PhysiqueOSApp.swift */; };
		000000000000000000001004 /* AppEnvironment.swift in Sources */ = {isa = PBXBuildFile; fileRef = 000000000000000000001003 /* AppEnvironment.swift */; };
		000000000000000000001006 /* AppTab.swift in Sources */ = {isa = PBXBuildFile; fileRef = 000000000000000000001005 /* AppTab.swift */; };
		000000000000000000001008 /* AppDestination.swift in Sources */ = {isa = PBXBuildFile; fileRef = 000000000000000000001007 /* AppDestination.swift */; };
		00000000000000000000100A /* AppDestinationCoding.swift in Sources */ = {isa = PBXBuildFile; fileRef = 000000000000000000001009 /* AppDestinationCoding.swift */; };
		00000000000000000000100C /* HomeReadModel.swift in Sources */ = {isa = PBXBuildFile; fileRef = 00000000000000000000100B /* HomeReadModel.swift */; };
		00000000000000000000100E /* LogReadModel.swift in Sources */ = {isa = PBXBuildFile; fileRef = 00000000000000000000100D /* LogReadModel.swift */; };
		000000000000000000001010 /* DirectWeighInValidation.swift in Sources */ = {isa = PBXBuildFile; fileRef = 00000000000000000000100F /* DirectWeighInValidation.swift */; };
		0000000000000000000010CE /* TrainingSessionCorrectionValidation.swift in Sources */ = {isa = PBXBuildFile; fileRef = 0000000000000000000010CD /* TrainingSessionCorrectionValidation.swift */; };
		0000000000000000000010D0 /* TrainingExerciseHistoryCalculator.swift in Sources */ = {isa = PBXBuildFile; fileRef = 0000000000000000000010CF /* TrainingExerciseHistoryCalculator.swift */; };
		0000000000000000000010D2 /* TrainingLibraryHeaderView.swift in Sources */ = {isa = PBXBuildFile; fileRef = 0000000000000000000010D1 /* TrainingLibraryHeaderView.swift */; };
		0000000000000000000010D4 /* TrainingExerciseDetailViewModel.swift in Sources */ = {isa = PBXBuildFile; fileRef = 0000000000000000000010D3 /* TrainingExerciseDetailViewModel.swift */; };
		0000000000000000000010D6 /* TrainingExerciseDetailView.swift in Sources */ = {isa = PBXBuildFile; fileRef = 0000000000000000000010D5 /* TrainingExerciseDetailView.swift */; };
		000000000000000000001012 /* EvidenceDateParsing.swift in Sources */ = {isa = PBXBuildFile; fileRef = 000000000000000000001011 /* EvidenceDateParsing.swift */; };
		000000000000000000001014 /* EvidenceReadModel.swift in Sources */ = {isa = PBXBuildFile; fileRef = 000000000000000000001013 /* EvidenceReadModel.swift */; };
		000000000000000000001016 /* EvidenceHubUsage.swift in Sources */ = {isa = PBXBuildFile; fileRef = 000000000000000000001015 /* EvidenceHubUsage.swift */; };
		000000000000000000001018 /* TrainingReadModel.swift in Sources */ = {isa = PBXBuildFile; fileRef = 000000000000000000001017 /* TrainingReadModel.swift */; };
		00000000000000000000101A /* TrainingSessionRenderItems.swift in Sources */ = {isa = PBXBuildFile; fileRef = 000000000000000000001019 /* TrainingSessionRenderItems.swift */; };
		00000000000000000000101C /* HomeAPI.swift in Sources */ = {isa = PBXBuildFile; fileRef = 00000000000000000000101B /* HomeAPI.swift */; };
		00000000000000000000101E /* LogAPI.swift in Sources */ = {isa = PBXBuildFile; fileRef = 00000000000000000000101D /* LogAPI.swift */; };
		000000000000000000001020 /* EvidenceAPI.swift in Sources */ = {isa = PBXBuildFile; fileRef = 00000000000000000000101F /* EvidenceAPI.swift */; };
		000000000000000000001022 /* TrainingAPI.swift in Sources */ = {isa = PBXBuildFile; fileRef = 000000000000000000001021 /* TrainingAPI.swift */; };
		000000000000000000001024 /* PhysiqueOSTheme.swift in Sources */ = {isa = PBXBuildFile; fileRef = 000000000000000000001023 /* PhysiqueOSTheme.swift */; };
		000000000000000000001026 /* IconBadge.swift in Sources */ = {isa = PBXBuildFile; fileRef = 000000000000000000001025 /* IconBadge.swift */; };
		000000000000000000001028 /* CardContainer.swift in Sources */ = {isa = PBXBuildFile; fileRef = 000000000000000000001027 /* CardContainer.swift */; };
		00000000000000000000102A /* SectionHeading.swift in Sources */ = {isa = PBXBuildFile; fileRef = 000000000000000000001029 /* SectionHeading.swift */; };
		00000000000000000000102C /* StatusChip.swift in Sources */ = {isa = PBXBuildFile; fileRef = 00000000000000000000102B /* StatusChip.swift */; };
		00000000000000000000102E /* ConfidenceRing.swift in Sources */ = {isa = PBXBuildFile; fileRef = 00000000000000000000102D /* ConfidenceRing.swift */; };
		000000000000000000001030 /* AnimatedProgressBar.swift in Sources */ = {isa = PBXBuildFile; fileRef = 00000000000000000000102F /* AnimatedProgressBar.swift */; };
		000000000000000000001032 /* MetricRow.swift in Sources */ = {isa = PBXBuildFile; fileRef = 000000000000000000001031 /* MetricRow.swift */; };
		000000000000000000001034 /* Typography.swift in Sources */ = {isa = PBXBuildFile; fileRef = 000000000000000000001033 /* Typography.swift */; };
		000000000000000000001036 /* PlusJakartaSans.swift in Sources */ = {isa = PBXBuildFile; fileRef = 000000000000000000001035 /* PlusJakartaSans.swift */; };
		000000000000000000001038 /* PrimaryActionButton.swift in Sources */ = {isa = PBXBuildFile; fileRef = 000000000000000000001037 /* PrimaryActionButton.swift */; };
		00000000000000000000103A /* ScrollScreenLayout.swift in Sources */ = {isa = PBXBuildFile; fileRef = 000000000000000000001039 /* ScrollScreenLayout.swift */; };
		00000000000000000000103C /* DateField.swift in Sources */ = {isa = PBXBuildFile; fileRef = 00000000000000000000103B /* DateField.swift */; };
		00000000000000000000103E /* TabPlaceholderView.swift in Sources */ = {isa = PBXBuildFile; fileRef = 00000000000000000000103D /* TabPlaceholderView.swift */; };
		000000000000000000001040 /* EvidenceAttachment.swift in Sources */ = {isa = PBXBuildFile; fileRef = 00000000000000000000103F /* EvidenceAttachment.swift */; };
		000000000000000000001042 /* EvidenceSourcePicker.swift in Sources */ = {isa = PBXBuildFile; fileRef = 000000000000000000001041 /* EvidenceSourcePicker.swift */; };
		000000000000000000001044 /* EvidenceStreamPresentation.swift in Sources */ = {isa = PBXBuildFile; fileRef = 000000000000000000001043 /* EvidenceStreamPresentation.swift */; };
		000000000000000000001046 /* RootTabView.swift in Sources */ = {isa = PBXBuildFile; fileRef = 000000000000000000001045 /* RootTabView.swift */; };
		000000000000000000001048 /* DestinationPlaceholderView.swift in Sources */ = {isa = PBXBuildFile; fileRef = 000000000000000000001047 /* DestinationPlaceholderView.swift */; };
		00000000000000000000104A /* AppDestinationRouterView.swift in Sources */ = {isa = PBXBuildFile; fileRef = 000000000000000000001049 /* AppDestinationRouterView.swift */; };
		00000000000000000000104C /* HomeView.swift in Sources */ = {isa = PBXBuildFile; fileRef = 00000000000000000000104B /* HomeView.swift */; };
		00000000000000000000104E /* HomeViewModel.swift in Sources */ = {isa = PBXBuildFile; fileRef = 00000000000000000000104D /* HomeViewModel.swift */; };
		000000000000000000001050 /* HomeHeaderView.swift in Sources */ = {isa = PBXBuildFile; fileRef = 00000000000000000000104F /* HomeHeaderView.swift */; };
		000000000000000000001052 /* HomeHeroCardView.swift in Sources */ = {isa = PBXBuildFile; fileRef = 000000000000000000001051 /* HomeHeroCardView.swift */; };
		000000000000000000001054 /* ConfidenceDetailSheet.swift in Sources */ = {isa = PBXBuildFile; fileRef = 000000000000000000001053 /* ConfidenceDetailSheet.swift */; };
		000000000000000000001056 /* NextBestActionView.swift in Sources */ = {isa = PBXBuildFile; fileRef = 000000000000000000001055 /* NextBestActionView.swift */; };
		000000000000000000001058 /* BriefingCardView.swift in Sources */ = {isa = PBXBuildFile; fileRef = 000000000000000000001057 /* BriefingCardView.swift */; };
		00000000000000000000105A /* GoalRowView.swift in Sources */ = {isa = PBXBuildFile; fileRef = 000000000000000000001059 /* GoalRowView.swift */; };
		00000000000000000000105C /* FocusTileView.swift in Sources */ = {isa = PBXBuildFile; fileRef = 00000000000000000000105B /* FocusTileView.swift */; };
		00000000000000000000105E /* TodaysFocusCardView.swift in Sources */ = {isa = PBXBuildFile; fileRef = 00000000000000000000105D /* TodaysFocusCardView.swift */; };
		000000000000000000001060 /* LogView.swift in Sources */ = {isa = PBXBuildFile; fileRef = 00000000000000000000105F /* LogView.swift */; };
		000000000000000000001062 /* LogViewModel.swift in Sources */ = {isa = PBXBuildFile; fileRef = 000000000000000000001061 /* LogViewModel.swift */; };
		000000000000000000001064 /* LogHeaderView.swift in Sources */ = {isa = PBXBuildFile; fileRef = 000000000000000000001063 /* LogHeaderView.swift */; };
		000000000000000000001066 /* LoggedTodayCardView.swift in Sources */ = {isa = PBXBuildFile; fileRef = 000000000000000000001065 /* LoggedTodayCardView.swift */; };
		000000000000000000001068 /* TrainingLoggerCardView.swift in Sources */ = {isa = PBXBuildFile; fileRef = 000000000000000000001067 /* TrainingLoggerCardView.swift */; };
		00000000000000000000106A /* PendingEvidenceReviewsCardView.swift in Sources */ = {isa = PBXBuildFile; fileRef = 000000000000000000001069 /* PendingEvidenceReviewsCardView.swift */; };
		00000000000000000000106C /* UploadCardView.swift in Sources */ = {isa = PBXBuildFile; fileRef = 00000000000000000000106B /* UploadCardView.swift */; };
		00000000000000000000106E /* GoalsPlaceholderView.swift in Sources */ = {isa = PBXBuildFile; fileRef = 00000000000000000000106D /* GoalsPlaceholderView.swift */; };
		000000000000000000001070 /* YouPlaceholderView.swift in Sources */ = {isa = PBXBuildFile; fileRef = 00000000000000000000106F /* YouPlaceholderView.swift */; };
		000000000000000000001072 /* EvidenceView.swift in Sources */ = {isa = PBXBuildFile; fileRef = 000000000000000000001071 /* EvidenceView.swift */; };
		000000000000000000001074 /* EvidenceViewModel.swift in Sources */ = {isa = PBXBuildFile; fileRef = 000000000000000000001073 /* EvidenceViewModel.swift */; };
		000000000000000000001076 /* EvidenceHeaderView.swift in Sources */ = {isa = PBXBuildFile; fileRef = 000000000000000000001075 /* EvidenceHeaderView.swift */; };
		000000000000000000001078 /* EvidenceStreamRowView.swift in Sources */ = {isa = PBXBuildFile; fileRef = 000000000000000000001077 /* EvidenceStreamRowView.swift */; };
		00000000000000000000107A /* TrainingHistoryView.swift in Sources */ = {isa = PBXBuildFile; fileRef = 000000000000000000001079 /* TrainingHistoryView.swift */; };
		00000000000000000000107C /* TrainingHistoryViewModel.swift in Sources */ = {isa = PBXBuildFile; fileRef = 00000000000000000000107B /* TrainingHistoryViewModel.swift */; };
		00000000000000000000107E /* TrainingDayView.swift in Sources */ = {isa = PBXBuildFile; fileRef = 00000000000000000000107D /* TrainingDayView.swift */; };
		000000000000000000001080 /* TrainingDayViewModel.swift in Sources */ = {isa = PBXBuildFile; fileRef = 00000000000000000000107F /* TrainingDayViewModel.swift */; };
		000000000000000000001082 /* TrainingSessionDetailView.swift in Sources */ = {isa = PBXBuildFile; fileRef = 000000000000000000001081 /* TrainingSessionDetailView.swift */; };
		000000000000000000001084 /* TrainingSessionDetailViewModel.swift in Sources */ = {isa = PBXBuildFile; fileRef = 000000000000000000001083 /* TrainingSessionDetailViewModel.swift */; };
		000000000000000000001086 /* TrainingAreaView.swift in Sources */ = {isa = PBXBuildFile; fileRef = 000000000000000000001085 /* TrainingAreaView.swift */; };
		000000000000000000001088 /* TrainingAreaViewModel.swift in Sources */ = {isa = PBXBuildFile; fileRef = 000000000000000000001087 /* TrainingAreaViewModel.swift */; };
		00000000000000000000108A /* HomeFixture.json in Resources */ = {isa = PBXBuildFile; fileRef = 000000000000000000001089 /* HomeFixture.json */; };
		00000000000000000000108C /* LogFixture.json in Resources */ = {isa = PBXBuildFile; fileRef = 00000000000000000000108B /* LogFixture.json */; };
		00000000000000000000108E /* EvidenceFixture.json in Resources */ = {isa = PBXBuildFile; fileRef = 00000000000000000000108D /* EvidenceFixture.json */; };
		000000000000000000001090 /* TrainingFixture.json in Resources */ = {isa = PBXBuildFile; fileRef = 00000000000000000000108F /* TrainingFixture.json */; };
		000000000000000000001092 /* PlusJakartaSans[wght].ttf in Resources */ = {isa = PBXBuildFile; fileRef = 000000000000000000001091 /* PlusJakartaSans[wght].ttf */; };
		000000000000000000001094 /* OFL.txt in Resources */ = {isa = PBXBuildFile; fileRef = 000000000000000000001093 /* OFL.txt */; };
		000000000000000000001097 /* AppTabTests.swift in Sources */ = {isa = PBXBuildFile; fileRef = 000000000000000000001096 /* AppTabTests.swift */; };
		000000000000000000001099 /* HomeReadModelTests.swift in Sources */ = {isa = PBXBuildFile; fileRef = 000000000000000000001098 /* HomeReadModelTests.swift */; };
		00000000000000000000109B /* LogReadModelTests.swift in Sources */ = {isa = PBXBuildFile; fileRef = 00000000000000000000109A /* LogReadModelTests.swift */; };
		00000000000000000000109D /* SharedUITests.swift in Sources */ = {isa = PBXBuildFile; fileRef = 00000000000000000000109C /* SharedUITests.swift */; };
		00000000000000000000109F /* EvidenceReadModelTests.swift in Sources */ = {isa = PBXBuildFile; fileRef = 00000000000000000000109E /* EvidenceReadModelTests.swift */; };
		0000000000000000000010A1 /* EvidenceHubUsageTests.swift in Sources */ = {isa = PBXBuildFile; fileRef = 0000000000000000000010A0 /* EvidenceHubUsageTests.swift */; };
		0000000000000000000010A3 /* TrainingReadModelTests.swift in Sources */ = {isa = PBXBuildFile; fileRef = 0000000000000000000010A2 /* TrainingReadModelTests.swift */; };
/* End PBXBuildFile section */

/* Begin PBXContainerItemProxy section */
		0000000000000000000010CC /* PBXContainerItemProxy */ = {
			isa = PBXContainerItemProxy;
			containerPortal = 0000000000000000000010B9 /* Project object */;
			proxyType = 1;
			remoteGlobalIDString = 0000000000000000000010BD;
			remoteInfo = PhysiqueOS;
		};
/* End PBXContainerItemProxy section */

/* Begin PBXFileReference section */
		000000000000000000001001 /* PhysiqueOSApp.swift */ = {isa = PBXFileReference; lastKnownFileType = sourcecode.swift; path = "PhysiqueOSApp.swift"; sourceTree = "<group>"; };
		000000000000000000001003 /* AppEnvironment.swift */ = {isa = PBXFileReference; lastKnownFileType = sourcecode.swift; path = "AppEnvironment.swift"; sourceTree = "<group>"; };
		000000000000000000001005 /* AppTab.swift */ = {isa = PBXFileReference; lastKnownFileType = sourcecode.swift; path = "AppTab.swift"; sourceTree = "<group>"; };
		000000000000000000001007 /* AppDestination.swift */ = {isa = PBXFileReference; lastKnownFileType = sourcecode.swift; path = "AppDestination.swift"; sourceTree = "<group>"; };
		000000000000000000001009 /* AppDestinationCoding.swift */ = {isa = PBXFileReference; lastKnownFileType = sourcecode.swift; path = "AppDestinationCoding.swift"; sourceTree = "<group>"; };
		00000000000000000000100B /* HomeReadModel.swift */ = {isa = PBXFileReference; lastKnownFileType = sourcecode.swift; path = "HomeReadModel.swift"; sourceTree = "<group>"; };
		00000000000000000000100D /* LogReadModel.swift */ = {isa = PBXFileReference; lastKnownFileType = sourcecode.swift; path = "LogReadModel.swift"; sourceTree = "<group>"; };
		00000000000000000000100F /* DirectWeighInValidation.swift */ = {isa = PBXFileReference; lastKnownFileType = sourcecode.swift; path = "DirectWeighInValidation.swift"; sourceTree = "<group>"; };
		0000000000000000000010CD /* TrainingSessionCorrectionValidation.swift */ = {isa = PBXFileReference; lastKnownFileType = sourcecode.swift; path = "TrainingSessionCorrectionValidation.swift"; sourceTree = "<group>"; };
		0000000000000000000010CF /* TrainingExerciseHistoryCalculator.swift */ = {isa = PBXFileReference; lastKnownFileType = sourcecode.swift; path = "TrainingExerciseHistoryCalculator.swift"; sourceTree = "<group>"; };
		0000000000000000000010D1 /* TrainingLibraryHeaderView.swift */ = {isa = PBXFileReference; lastKnownFileType = sourcecode.swift; path = "TrainingLibraryHeaderView.swift"; sourceTree = "<group>"; };
		0000000000000000000010D3 /* TrainingExerciseDetailViewModel.swift */ = {isa = PBXFileReference; lastKnownFileType = sourcecode.swift; path = "TrainingExerciseDetailViewModel.swift"; sourceTree = "<group>"; };
		0000000000000000000010D5 /* TrainingExerciseDetailView.swift */ = {isa = PBXFileReference; lastKnownFileType = sourcecode.swift; path = "TrainingExerciseDetailView.swift"; sourceTree = "<group>"; };
		000000000000000000001011 /* EvidenceDateParsing.swift */ = {isa = PBXFileReference; lastKnownFileType = sourcecode.swift; path = "EvidenceDateParsing.swift"; sourceTree = "<group>"; };
		000000000000000000001013 /* EvidenceReadModel.swift */ = {isa = PBXFileReference; lastKnownFileType = sourcecode.swift; path = "EvidenceReadModel.swift"; sourceTree = "<group>"; };
		000000000000000000001015 /* EvidenceHubUsage.swift */ = {isa = PBXFileReference; lastKnownFileType = sourcecode.swift; path = "EvidenceHubUsage.swift"; sourceTree = "<group>"; };
		000000000000000000001017 /* TrainingReadModel.swift */ = {isa = PBXFileReference; lastKnownFileType = sourcecode.swift; path = "TrainingReadModel.swift"; sourceTree = "<group>"; };
		000000000000000000001019 /* TrainingSessionRenderItems.swift */ = {isa = PBXFileReference; lastKnownFileType = sourcecode.swift; path = "TrainingSessionRenderItems.swift"; sourceTree = "<group>"; };
		00000000000000000000101B /* HomeAPI.swift */ = {isa = PBXFileReference; lastKnownFileType = sourcecode.swift; path = "HomeAPI.swift"; sourceTree = "<group>"; };
		00000000000000000000101D /* LogAPI.swift */ = {isa = PBXFileReference; lastKnownFileType = sourcecode.swift; path = "LogAPI.swift"; sourceTree = "<group>"; };
		00000000000000000000101F /* EvidenceAPI.swift */ = {isa = PBXFileReference; lastKnownFileType = sourcecode.swift; path = "EvidenceAPI.swift"; sourceTree = "<group>"; };
		000000000000000000001021 /* TrainingAPI.swift */ = {isa = PBXFileReference; lastKnownFileType = sourcecode.swift; path = "TrainingAPI.swift"; sourceTree = "<group>"; };
		000000000000000000001023 /* PhysiqueOSTheme.swift */ = {isa = PBXFileReference; lastKnownFileType = sourcecode.swift; path = "PhysiqueOSTheme.swift"; sourceTree = "<group>"; };
		000000000000000000001025 /* IconBadge.swift */ = {isa = PBXFileReference; lastKnownFileType = sourcecode.swift; path = "IconBadge.swift"; sourceTree = "<group>"; };
		000000000000000000001027 /* CardContainer.swift */ = {isa = PBXFileReference; lastKnownFileType = sourcecode.swift; path = "CardContainer.swift"; sourceTree = "<group>"; };
		000000000000000000001029 /* SectionHeading.swift */ = {isa = PBXFileReference; lastKnownFileType = sourcecode.swift; path = "SectionHeading.swift"; sourceTree = "<group>"; };
		00000000000000000000102B /* StatusChip.swift */ = {isa = PBXFileReference; lastKnownFileType = sourcecode.swift; path = "StatusChip.swift"; sourceTree = "<group>"; };
		00000000000000000000102D /* ConfidenceRing.swift */ = {isa = PBXFileReference; lastKnownFileType = sourcecode.swift; path = "ConfidenceRing.swift"; sourceTree = "<group>"; };
		00000000000000000000102F /* AnimatedProgressBar.swift */ = {isa = PBXFileReference; lastKnownFileType = sourcecode.swift; path = "AnimatedProgressBar.swift"; sourceTree = "<group>"; };
		000000000000000000001031 /* MetricRow.swift */ = {isa = PBXFileReference; lastKnownFileType = sourcecode.swift; path = "MetricRow.swift"; sourceTree = "<group>"; };
		000000000000000000001033 /* Typography.swift */ = {isa = PBXFileReference; lastKnownFileType = sourcecode.swift; path = "Typography.swift"; sourceTree = "<group>"; };
		000000000000000000001035 /* PlusJakartaSans.swift */ = {isa = PBXFileReference; lastKnownFileType = sourcecode.swift; path = "PlusJakartaSans.swift"; sourceTree = "<group>"; };
		000000000000000000001037 /* PrimaryActionButton.swift */ = {isa = PBXFileReference; lastKnownFileType = sourcecode.swift; path = "PrimaryActionButton.swift"; sourceTree = "<group>"; };
		000000000000000000001039 /* ScrollScreenLayout.swift */ = {isa = PBXFileReference; lastKnownFileType = sourcecode.swift; path = "ScrollScreenLayout.swift"; sourceTree = "<group>"; };
		00000000000000000000103B /* DateField.swift */ = {isa = PBXFileReference; lastKnownFileType = sourcecode.swift; path = "DateField.swift"; sourceTree = "<group>"; };
		00000000000000000000103D /* TabPlaceholderView.swift */ = {isa = PBXFileReference; lastKnownFileType = sourcecode.swift; path = "TabPlaceholderView.swift"; sourceTree = "<group>"; };
		00000000000000000000103F /* EvidenceAttachment.swift */ = {isa = PBXFileReference; lastKnownFileType = sourcecode.swift; path = "EvidenceAttachment.swift"; sourceTree = "<group>"; };
		000000000000000000001041 /* EvidenceSourcePicker.swift */ = {isa = PBXFileReference; lastKnownFileType = sourcecode.swift; path = "EvidenceSourcePicker.swift"; sourceTree = "<group>"; };
		000000000000000000001043 /* EvidenceStreamPresentation.swift */ = {isa = PBXFileReference; lastKnownFileType = sourcecode.swift; path = "EvidenceStreamPresentation.swift"; sourceTree = "<group>"; };
		000000000000000000001045 /* RootTabView.swift */ = {isa = PBXFileReference; lastKnownFileType = sourcecode.swift; path = "RootTabView.swift"; sourceTree = "<group>"; };
		000000000000000000001047 /* DestinationPlaceholderView.swift */ = {isa = PBXFileReference; lastKnownFileType = sourcecode.swift; path = "DestinationPlaceholderView.swift"; sourceTree = "<group>"; };
		000000000000000000001049 /* AppDestinationRouterView.swift */ = {isa = PBXFileReference; lastKnownFileType = sourcecode.swift; path = "AppDestinationRouterView.swift"; sourceTree = "<group>"; };
		00000000000000000000104B /* HomeView.swift */ = {isa = PBXFileReference; lastKnownFileType = sourcecode.swift; path = "HomeView.swift"; sourceTree = "<group>"; };
		00000000000000000000104D /* HomeViewModel.swift */ = {isa = PBXFileReference; lastKnownFileType = sourcecode.swift; path = "HomeViewModel.swift"; sourceTree = "<group>"; };
		00000000000000000000104F /* HomeHeaderView.swift */ = {isa = PBXFileReference; lastKnownFileType = sourcecode.swift; path = "HomeHeaderView.swift"; sourceTree = "<group>"; };
		000000000000000000001051 /* HomeHeroCardView.swift */ = {isa = PBXFileReference; lastKnownFileType = sourcecode.swift; path = "HomeHeroCardView.swift"; sourceTree = "<group>"; };
		000000000000000000001053 /* ConfidenceDetailSheet.swift */ = {isa = PBXFileReference; lastKnownFileType = sourcecode.swift; path = "ConfidenceDetailSheet.swift"; sourceTree = "<group>"; };
		000000000000000000001055 /* NextBestActionView.swift */ = {isa = PBXFileReference; lastKnownFileType = sourcecode.swift; path = "NextBestActionView.swift"; sourceTree = "<group>"; };
		000000000000000000001057 /* BriefingCardView.swift */ = {isa = PBXFileReference; lastKnownFileType = sourcecode.swift; path = "BriefingCardView.swift"; sourceTree = "<group>"; };
		000000000000000000001059 /* GoalRowView.swift */ = {isa = PBXFileReference; lastKnownFileType = sourcecode.swift; path = "GoalRowView.swift"; sourceTree = "<group>"; };
		00000000000000000000105B /* FocusTileView.swift */ = {isa = PBXFileReference; lastKnownFileType = sourcecode.swift; path = "FocusTileView.swift"; sourceTree = "<group>"; };
		00000000000000000000105D /* TodaysFocusCardView.swift */ = {isa = PBXFileReference; lastKnownFileType = sourcecode.swift; path = "TodaysFocusCardView.swift"; sourceTree = "<group>"; };
		00000000000000000000105F /* LogView.swift */ = {isa = PBXFileReference; lastKnownFileType = sourcecode.swift; path = "LogView.swift"; sourceTree = "<group>"; };
		000000000000000000001061 /* LogViewModel.swift */ = {isa = PBXFileReference; lastKnownFileType = sourcecode.swift; path = "LogViewModel.swift"; sourceTree = "<group>"; };
		000000000000000000001063 /* LogHeaderView.swift */ = {isa = PBXFileReference; lastKnownFileType = sourcecode.swift; path = "LogHeaderView.swift"; sourceTree = "<group>"; };
		000000000000000000001065 /* LoggedTodayCardView.swift */ = {isa = PBXFileReference; lastKnownFileType = sourcecode.swift; path = "LoggedTodayCardView.swift"; sourceTree = "<group>"; };
		000000000000000000001067 /* TrainingLoggerCardView.swift */ = {isa = PBXFileReference; lastKnownFileType = sourcecode.swift; path = "TrainingLoggerCardView.swift"; sourceTree = "<group>"; };
		000000000000000000001069 /* PendingEvidenceReviewsCardView.swift */ = {isa = PBXFileReference; lastKnownFileType = sourcecode.swift; path = "PendingEvidenceReviewsCardView.swift"; sourceTree = "<group>"; };
		00000000000000000000106B /* UploadCardView.swift */ = {isa = PBXFileReference; lastKnownFileType = sourcecode.swift; path = "UploadCardView.swift"; sourceTree = "<group>"; };
		00000000000000000000106D /* GoalsPlaceholderView.swift */ = {isa = PBXFileReference; lastKnownFileType = sourcecode.swift; path = "GoalsPlaceholderView.swift"; sourceTree = "<group>"; };
		00000000000000000000106F /* YouPlaceholderView.swift */ = {isa = PBXFileReference; lastKnownFileType = sourcecode.swift; path = "YouPlaceholderView.swift"; sourceTree = "<group>"; };
		000000000000000000001071 /* EvidenceView.swift */ = {isa = PBXFileReference; lastKnownFileType = sourcecode.swift; path = "EvidenceView.swift"; sourceTree = "<group>"; };
		000000000000000000001073 /* EvidenceViewModel.swift */ = {isa = PBXFileReference; lastKnownFileType = sourcecode.swift; path = "EvidenceViewModel.swift"; sourceTree = "<group>"; };
		000000000000000000001075 /* EvidenceHeaderView.swift */ = {isa = PBXFileReference; lastKnownFileType = sourcecode.swift; path = "EvidenceHeaderView.swift"; sourceTree = "<group>"; };
		000000000000000000001077 /* EvidenceStreamRowView.swift */ = {isa = PBXFileReference; lastKnownFileType = sourcecode.swift; path = "EvidenceStreamRowView.swift"; sourceTree = "<group>"; };
		000000000000000000001079 /* TrainingHistoryView.swift */ = {isa = PBXFileReference; lastKnownFileType = sourcecode.swift; path = "TrainingHistoryView.swift"; sourceTree = "<group>"; };
		00000000000000000000107B /* TrainingHistoryViewModel.swift */ = {isa = PBXFileReference; lastKnownFileType = sourcecode.swift; path = "TrainingHistoryViewModel.swift"; sourceTree = "<group>"; };
		00000000000000000000107D /* TrainingDayView.swift */ = {isa = PBXFileReference; lastKnownFileType = sourcecode.swift; path = "TrainingDayView.swift"; sourceTree = "<group>"; };
		00000000000000000000107F /* TrainingDayViewModel.swift */ = {isa = PBXFileReference; lastKnownFileType = sourcecode.swift; path = "TrainingDayViewModel.swift"; sourceTree = "<group>"; };
		000000000000000000001081 /* TrainingSessionDetailView.swift */ = {isa = PBXFileReference; lastKnownFileType = sourcecode.swift; path = "TrainingSessionDetailView.swift"; sourceTree = "<group>"; };
		000000000000000000001083 /* TrainingSessionDetailViewModel.swift */ = {isa = PBXFileReference; lastKnownFileType = sourcecode.swift; path = "TrainingSessionDetailViewModel.swift"; sourceTree = "<group>"; };
		000000000000000000001085 /* TrainingAreaView.swift */ = {isa = PBXFileReference; lastKnownFileType = sourcecode.swift; path = "TrainingAreaView.swift"; sourceTree = "<group>"; };
		000000000000000000001087 /* TrainingAreaViewModel.swift */ = {isa = PBXFileReference; lastKnownFileType = sourcecode.swift; path = "TrainingAreaViewModel.swift"; sourceTree = "<group>"; };
		000000000000000000001089 /* HomeFixture.json */ = {isa = PBXFileReference; lastKnownFileType = text.json; path = "HomeFixture.json"; sourceTree = "<group>"; };
		00000000000000000000108B /* LogFixture.json */ = {isa = PBXFileReference; lastKnownFileType = text.json; path = "LogFixture.json"; sourceTree = "<group>"; };
		00000000000000000000108D /* EvidenceFixture.json */ = {isa = PBXFileReference; lastKnownFileType = text.json; path = "EvidenceFixture.json"; sourceTree = "<group>"; };
		00000000000000000000108F /* TrainingFixture.json */ = {isa = PBXFileReference; lastKnownFileType = text.json; path = "TrainingFixture.json"; sourceTree = "<group>"; };
		000000000000000000001091 /* PlusJakartaSans[wght].ttf */ = {isa = PBXFileReference; lastKnownFileType = file; path = "PlusJakartaSans[wght].ttf"; sourceTree = "<group>"; };
		000000000000000000001093 /* OFL.txt */ = {isa = PBXFileReference; lastKnownFileType = text; path = "OFL.txt"; sourceTree = "<group>"; };
		000000000000000000001095 /* Info.plist */ = {isa = PBXFileReference; lastKnownFileType = text.plist.xml; path = "Info.plist"; sourceTree = "<group>"; };
		000000000000000000001096 /* AppTabTests.swift */ = {isa = PBXFileReference; lastKnownFileType = sourcecode.swift; path = "AppTabTests.swift"; sourceTree = "<group>"; };
		000000000000000000001098 /* HomeReadModelTests.swift */ = {isa = PBXFileReference; lastKnownFileType = sourcecode.swift; path = "HomeReadModelTests.swift"; sourceTree = "<group>"; };
		00000000000000000000109A /* LogReadModelTests.swift */ = {isa = PBXFileReference; lastKnownFileType = sourcecode.swift; path = "LogReadModelTests.swift"; sourceTree = "<group>"; };
		00000000000000000000109C /* SharedUITests.swift */ = {isa = PBXFileReference; lastKnownFileType = sourcecode.swift; path = "SharedUITests.swift"; sourceTree = "<group>"; };
		00000000000000000000109E /* EvidenceReadModelTests.swift */ = {isa = PBXFileReference; lastKnownFileType = sourcecode.swift; path = "EvidenceReadModelTests.swift"; sourceTree = "<group>"; };
		0000000000000000000010A0 /* EvidenceHubUsageTests.swift */ = {isa = PBXFileReference; lastKnownFileType = sourcecode.swift; path = "EvidenceHubUsageTests.swift"; sourceTree = "<group>"; };
		0000000000000000000010A2 /* TrainingReadModelTests.swift */ = {isa = PBXFileReference; lastKnownFileType = sourcecode.swift; path = "TrainingReadModelTests.swift"; sourceTree = "<group>"; };
		0000000000000000000010B7 /* PhysiqueOS.app */ = {isa = PBXFileReference; explicitFileType = wrapper.application; includeInIndex = 0; path = PhysiqueOS.app; sourceTree = BUILT_PRODUCTS_DIR; };
		0000000000000000000010B8 /* PhysiqueOSTests.xctest */ = {isa = PBXFileReference; explicitFileType = wrapper.cfbundle; includeInIndex = 0; path = PhysiqueOSTests.xctest; sourceTree = BUILT_PRODUCTS_DIR; };
/* End PBXFileReference section */

/* Begin PBXFrameworksBuildPhase section */
		0000000000000000000010C2 /* Frameworks */ = {
			isa = PBXFrameworksBuildPhase;
			buildActionMask = 2147483647;
			files = (
			);
			runOnlyForDeploymentPostprocessing = 0;
		};
		0000000000000000000010C9 /* Frameworks */ = {
			isa = PBXFrameworksBuildPhase;
			buildActionMask = 2147483647;
			files = (
			);
			runOnlyForDeploymentPostprocessing = 0;
		};
/* End PBXFrameworksBuildPhase section */

/* Begin PBXGroup section */
		0000000000000000000010A6 /* PhysiqueOS */ = {
			isa = PBXGroup;
			children = (
				0000000000000000000010A8 /* App */,
				0000000000000000000010A9 /* Contracts */,
				0000000000000000000010AA /* Networking */,
				0000000000000000000010AD /* SharedUI */,
				0000000000000000000010AB /* Presentation */,
				0000000000000000000010AC /* Resources */,
				0000000000000000000010AE /* Supporting */,
			);
			path = PhysiqueOS;
			sourceTree = "<group>";
		};
		0000000000000000000010A8 /* App */ = {
			isa = PBXGroup;
			children = (
				000000000000000000001001 /* PhysiqueOSApp.swift */,
				000000000000000000001003 /* AppEnvironment.swift */,
			);
			path = App;
			sourceTree = "<group>";
		};
		0000000000000000000010A9 /* Contracts */ = {
			isa = PBXGroup;
			children = (
				000000000000000000001005 /* AppTab.swift */,
				000000000000000000001007 /* AppDestination.swift */,
				000000000000000000001009 /* AppDestinationCoding.swift */,
				00000000000000000000100B /* HomeReadModel.swift */,
				00000000000000000000100D /* LogReadModel.swift */,
				00000000000000000000100F /* DirectWeighInValidation.swift */,
				000000000000000000001011 /* EvidenceDateParsing.swift */,
				000000000000000000001013 /* EvidenceReadModel.swift */,
				000000000000000000001015 /* EvidenceHubUsage.swift */,
				000000000000000000001017 /* TrainingReadModel.swift */,
				000000000000000000001019 /* TrainingSessionRenderItems.swift */,
				0000000000000000000010CD /* TrainingSessionCorrectionValidation.swift */,
				0000000000000000000010CF /* TrainingExerciseHistoryCalculator.swift */,
			);
			path = Contracts;
			sourceTree = "<group>";
		};
		0000000000000000000010AA /* Networking */ = {
			isa = PBXGroup;
			children = (
				00000000000000000000101B /* HomeAPI.swift */,
				00000000000000000000101D /* LogAPI.swift */,
				00000000000000000000101F /* EvidenceAPI.swift */,
				000000000000000000001021 /* TrainingAPI.swift */,
			);
			path = Networking;
			sourceTree = "<group>";
		};
		0000000000000000000010AB /* Presentation */ = {
			isa = PBXGroup;
			children = (
				0000000000000000000010AF /* Evidence */,
				0000000000000000000010B0 /* Goals */,
				0000000000000000000010B1 /* Home */,
				0000000000000000000010B2 /* Log */,
				0000000000000000000010B3 /* Root */,
				0000000000000000000010B4 /* Training */,
				0000000000000000000010B5 /* You */,
			);
			path = Presentation;
			sourceTree = "<group>";
		};
		0000000000000000000010AC /* Resources */ = {
			isa = PBXGroup;
			children = (
				0000000000000000000010B6 /* Fonts */,
				000000000000000000001089 /* HomeFixture.json */,
				00000000000000000000108B /* LogFixture.json */,
				00000000000000000000108D /* EvidenceFixture.json */,
				00000000000000000000108F /* TrainingFixture.json */,
			);
			path = Resources;
			sourceTree = "<group>";
		};
		0000000000000000000010AD /* SharedUI */ = {
			isa = PBXGroup;
			children = (
				000000000000000000001023 /* PhysiqueOSTheme.swift */,
				000000000000000000001025 /* IconBadge.swift */,
				000000000000000000001027 /* CardContainer.swift */,
				000000000000000000001029 /* SectionHeading.swift */,
				00000000000000000000102B /* StatusChip.swift */,
				00000000000000000000102D /* ConfidenceRing.swift */,
				00000000000000000000102F /* AnimatedProgressBar.swift */,
				000000000000000000001031 /* MetricRow.swift */,
				000000000000000000001033 /* Typography.swift */,
				000000000000000000001035 /* PlusJakartaSans.swift */,
				000000000000000000001037 /* PrimaryActionButton.swift */,
				000000000000000000001039 /* ScrollScreenLayout.swift */,
				00000000000000000000103B /* DateField.swift */,
				00000000000000000000103D /* TabPlaceholderView.swift */,
				00000000000000000000103F /* EvidenceAttachment.swift */,
				000000000000000000001041 /* EvidenceSourcePicker.swift */,
				000000000000000000001043 /* EvidenceStreamPresentation.swift */,
			);
			path = SharedUI;
			sourceTree = "<group>";
		};
		0000000000000000000010AE /* Supporting */ = {
			isa = PBXGroup;
			children = (
				000000000000000000001095 /* Info.plist */,
			);
			path = Supporting;
			sourceTree = "<group>";
		};
		0000000000000000000010AF /* Evidence */ = {
			isa = PBXGroup;
			children = (
				000000000000000000001071 /* EvidenceView.swift */,
				000000000000000000001073 /* EvidenceViewModel.swift */,
				000000000000000000001075 /* EvidenceHeaderView.swift */,
				000000000000000000001077 /* EvidenceStreamRowView.swift */,
			);
			path = Evidence;
			sourceTree = "<group>";
		};
		0000000000000000000010B0 /* Goals */ = {
			isa = PBXGroup;
			children = (
				00000000000000000000106D /* GoalsPlaceholderView.swift */,
			);
			path = Goals;
			sourceTree = "<group>";
		};
		0000000000000000000010B1 /* Home */ = {
			isa = PBXGroup;
			children = (
				00000000000000000000104B /* HomeView.swift */,
				00000000000000000000104D /* HomeViewModel.swift */,
				00000000000000000000104F /* HomeHeaderView.swift */,
				000000000000000000001051 /* HomeHeroCardView.swift */,
				000000000000000000001053 /* ConfidenceDetailSheet.swift */,
				000000000000000000001055 /* NextBestActionView.swift */,
				000000000000000000001057 /* BriefingCardView.swift */,
				000000000000000000001059 /* GoalRowView.swift */,
				00000000000000000000105B /* FocusTileView.swift */,
				00000000000000000000105D /* TodaysFocusCardView.swift */,
			);
			path = Home;
			sourceTree = "<group>";
		};
		0000000000000000000010B2 /* Log */ = {
			isa = PBXGroup;
			children = (
				00000000000000000000105F /* LogView.swift */,
				000000000000000000001061 /* LogViewModel.swift */,
				000000000000000000001063 /* LogHeaderView.swift */,
				000000000000000000001065 /* LoggedTodayCardView.swift */,
				000000000000000000001067 /* TrainingLoggerCardView.swift */,
				000000000000000000001069 /* PendingEvidenceReviewsCardView.swift */,
				00000000000000000000106B /* UploadCardView.swift */,
			);
			path = Log;
			sourceTree = "<group>";
		};
		0000000000000000000010B3 /* Root */ = {
			isa = PBXGroup;
			children = (
				000000000000000000001045 /* RootTabView.swift */,
				000000000000000000001047 /* DestinationPlaceholderView.swift */,
				000000000000000000001049 /* AppDestinationRouterView.swift */,
			);
			path = Root;
			sourceTree = "<group>";
		};
		0000000000000000000010B4 /* Training */ = {
			isa = PBXGroup;
			children = (
				000000000000000000001079 /* TrainingHistoryView.swift */,
				00000000000000000000107B /* TrainingHistoryViewModel.swift */,
				00000000000000000000107D /* TrainingDayView.swift */,
				00000000000000000000107F /* TrainingDayViewModel.swift */,
				000000000000000000001081 /* TrainingSessionDetailView.swift */,
				000000000000000000001083 /* TrainingSessionDetailViewModel.swift */,
				000000000000000000001085 /* TrainingAreaView.swift */,
				000000000000000000001087 /* TrainingAreaViewModel.swift */,
				0000000000000000000010D1 /* TrainingLibraryHeaderView.swift */,
				0000000000000000000010D3 /* TrainingExerciseDetailViewModel.swift */,
				0000000000000000000010D5 /* TrainingExerciseDetailView.swift */,
			);
			path = Training;
			sourceTree = "<group>";
		};
		0000000000000000000010B5 /* You */ = {
			isa = PBXGroup;
			children = (
				00000000000000000000106F /* YouPlaceholderView.swift */,
			);
			path = You;
			sourceTree = "<group>";
		};
		0000000000000000000010B6 /* Fonts */ = {
			isa = PBXGroup;
			children = (
				000000000000000000001091 /* PlusJakartaSans[wght].ttf */,
				000000000000000000001093 /* OFL.txt */,
			);
			path = Fonts;
			sourceTree = "<group>";
		};
		0000000000000000000010A7 /* PhysiqueOSTests */ = {
			isa = PBXGroup;
			children = (
				000000000000000000001096 /* AppTabTests.swift */,
				000000000000000000001098 /* HomeReadModelTests.swift */,
				00000000000000000000109A /* LogReadModelTests.swift */,
				00000000000000000000109C /* SharedUITests.swift */,
				00000000000000000000109E /* EvidenceReadModelTests.swift */,
				0000000000000000000010A0 /* EvidenceHubUsageTests.swift */,
				0000000000000000000010A2 /* TrainingReadModelTests.swift */,
			);
			path = PhysiqueOSTests;
			sourceTree = "<group>";
		};
		0000000000000000000010A5 /* Products */ = {
			isa = PBXGroup;
			children = (
				0000000000000000000010B7 /* PhysiqueOS.app */,
				0000000000000000000010B8 /* PhysiqueOSTests.xctest */,
			);
			name = Products;
			sourceTree = "<group>";
		};
		0000000000000000000010A4 /* Main */ = {
			isa = PBXGroup;
			children = (
				0000000000000000000010A6 /* PhysiqueOS */,
				0000000000000000000010A7 /* PhysiqueOSTests */,
				0000000000000000000010A5 /* Products */,
			);
			sourceTree = "<group>";
		};
/* End PBXGroup section */

/* Begin PBXNativeTarget section */
		0000000000000000000010BD /* PhysiqueOS */ = {
			isa = PBXNativeTarget;
			buildConfigurationList = 0000000000000000000010BE /* Build configuration list for PBXNativeTarget "PhysiqueOS" */;
			buildPhases = (
				0000000000000000000010C1 /* Sources */,
				0000000000000000000010C2 /* Frameworks */,
				0000000000000000000010C3 /* Resources */,
			);
			buildRules = (
			);
			dependencies = (
			);
			name = PhysiqueOS;
			productName = PhysiqueOS;
			productReference = 0000000000000000000010B7 /* PhysiqueOS.app */;
			productType = "com.apple.product-type.application";
		};
		0000000000000000000010C4 /* PhysiqueOSTests */ = {
			isa = PBXNativeTarget;
			buildConfigurationList = 0000000000000000000010C5 /* Build configuration list for PBXNativeTarget "PhysiqueOSTests" */;
			buildPhases = (
				0000000000000000000010C8 /* Sources */,
				0000000000000000000010C9 /* Frameworks */,
				0000000000000000000010CA /* Resources */,
			);
			buildRules = (
			);
			dependencies = (
				0000000000000000000010CB /* PBXTargetDependency */,
			);
			name = PhysiqueOSTests;
			productName = PhysiqueOSTests;
			productReference = 0000000000000000000010B8 /* PhysiqueOSTests.xctest */;
			productType = "com.apple.product-type.bundle.unit-test";
		};
/* End PBXNativeTarget section */

/* Begin PBXProject section */
		0000000000000000000010B9 /* Project object */ = {
			isa = PBXProject;
			attributes = {
				BuildIndependentTargetsInParallel = 1;
				LastSwiftUpdateCheck = 1620;
				LastUpgradeCheck = 1620;
				TargetAttributes = {
					0000000000000000000010BD = {
						CreatedOnToolsVersion = 26.0;
					};
					0000000000000000000010C4 = {
						CreatedOnToolsVersion = 26.0;
						TestTargetID = 0000000000000000000010BD;
					};
				};
			};
			buildConfigurationList = 0000000000000000000010BA /* Build configuration list for PBXProject "PhysiqueOS" */;
			compatibilityVersion = "Xcode 14.0";
			developmentRegion = en;
			hasScannedForEncodings = 0;
			knownRegions = (
				en,
				Base,
			);
			mainGroup = 0000000000000000000010A4;
			productRefGroup = 0000000000000000000010A5 /* Products */;
			projectDirPath = "";
			projectRoot = "";
			targets = (
				0000000000000000000010BD /* PhysiqueOS */,
				0000000000000000000010C4 /* PhysiqueOSTests */,
			);
		};
/* End PBXProject section */

/* Begin PBXResourcesBuildPhase section */
		0000000000000000000010C3 /* Resources */ = {
			isa = PBXResourcesBuildPhase;
			buildActionMask = 2147483647;
			files = (
				00000000000000000000108A /* HomeFixture.json in Resources */,
				00000000000000000000108C /* LogFixture.json in Resources */,
				00000000000000000000108E /* EvidenceFixture.json in Resources */,
				000000000000000000001090 /* TrainingFixture.json in Resources */,
				000000000000000000001092 /* PlusJakartaSans[wght].ttf in Resources */,
				000000000000000000001094 /* OFL.txt in Resources */,
			);
			runOnlyForDeploymentPostprocessing = 0;
		};
		0000000000000000000010CA /* Resources */ = {
			isa = PBXResourcesBuildPhase;
			buildActionMask = 2147483647;
			files = (
			);
			runOnlyForDeploymentPostprocessing = 0;
		};
/* End PBXResourcesBuildPhase section */

/* Begin PBXSourcesBuildPhase section */
		0000000000000000000010C1 /* Sources */ = {
			isa = PBXSourcesBuildPhase;
			buildActionMask = 2147483647;
			files = (
				000000000000000000001002 /* PhysiqueOSApp.swift in Sources */,
				000000000000000000001004 /* AppEnvironment.swift in Sources */,
				000000000000000000001006 /* AppTab.swift in Sources */,
				000000000000000000001008 /* AppDestination.swift in Sources */,
				00000000000000000000100A /* AppDestinationCoding.swift in Sources */,
				00000000000000000000100C /* HomeReadModel.swift in Sources */,
				00000000000000000000100E /* LogReadModel.swift in Sources */,
				000000000000000000001010 /* DirectWeighInValidation.swift in Sources */,
				000000000000000000001012 /* EvidenceDateParsing.swift in Sources */,
				000000000000000000001014 /* EvidenceReadModel.swift in Sources */,
				000000000000000000001016 /* EvidenceHubUsage.swift in Sources */,
				000000000000000000001018 /* TrainingReadModel.swift in Sources */,
				00000000000000000000101A /* TrainingSessionRenderItems.swift in Sources */,
				0000000000000000000010CE /* TrainingSessionCorrectionValidation.swift in Sources */,
				0000000000000000000010D0 /* TrainingExerciseHistoryCalculator.swift in Sources */,
				00000000000000000000101C /* HomeAPI.swift in Sources */,
				00000000000000000000101E /* LogAPI.swift in Sources */,
				000000000000000000001020 /* EvidenceAPI.swift in Sources */,
				000000000000000000001022 /* TrainingAPI.swift in Sources */,
				000000000000000000001024 /* PhysiqueOSTheme.swift in Sources */,
				000000000000000000001026 /* IconBadge.swift in Sources */,
				000000000000000000001028 /* CardContainer.swift in Sources */,
				00000000000000000000102A /* SectionHeading.swift in Sources */,
				00000000000000000000102C /* StatusChip.swift in Sources */,
				00000000000000000000102E /* ConfidenceRing.swift in Sources */,
				000000000000000000001030 /* AnimatedProgressBar.swift in Sources */,
				000000000000000000001032 /* MetricRow.swift in Sources */,
				000000000000000000001034 /* Typography.swift in Sources */,
				000000000000000000001036 /* PlusJakartaSans.swift in Sources */,
				000000000000000000001038 /* PrimaryActionButton.swift in Sources */,
				00000000000000000000103A /* ScrollScreenLayout.swift in Sources */,
				00000000000000000000103C /* DateField.swift in Sources */,
				00000000000000000000103E /* TabPlaceholderView.swift in Sources */,
				000000000000000000001040 /* EvidenceAttachment.swift in Sources */,
				000000000000000000001042 /* EvidenceSourcePicker.swift in Sources */,
				000000000000000000001044 /* EvidenceStreamPresentation.swift in Sources */,
				000000000000000000001046 /* RootTabView.swift in Sources */,
				000000000000000000001048 /* DestinationPlaceholderView.swift in Sources */,
				00000000000000000000104A /* AppDestinationRouterView.swift in Sources */,
				00000000000000000000104C /* HomeView.swift in Sources */,
				00000000000000000000104E /* HomeViewModel.swift in Sources */,
				000000000000000000001050 /* HomeHeaderView.swift in Sources */,
				000000000000000000001052 /* HomeHeroCardView.swift in Sources */,
				000000000000000000001054 /* ConfidenceDetailSheet.swift in Sources */,
				000000000000000000001056 /* NextBestActionView.swift in Sources */,
				000000000000000000001058 /* BriefingCardView.swift in Sources */,
				00000000000000000000105A /* GoalRowView.swift in Sources */,
				00000000000000000000105C /* FocusTileView.swift in Sources */,
				00000000000000000000105E /* TodaysFocusCardView.swift in Sources */,
				000000000000000000001060 /* LogView.swift in Sources */,
				000000000000000000001062 /* LogViewModel.swift in Sources */,
				000000000000000000001064 /* LogHeaderView.swift in Sources */,
				000000000000000000001066 /* LoggedTodayCardView.swift in Sources */,
				000000000000000000001068 /* TrainingLoggerCardView.swift in Sources */,
				00000000000000000000106A /* PendingEvidenceReviewsCardView.swift in Sources */,
				00000000000000000000106C /* UploadCardView.swift in Sources */,
				00000000000000000000106E /* GoalsPlaceholderView.swift in Sources */,
				000000000000000000001070 /* YouPlaceholderView.swift in Sources */,
				000000000000000000001072 /* EvidenceView.swift in Sources */,
				000000000000000000001074 /* EvidenceViewModel.swift in Sources */,
				000000000000000000001076 /* EvidenceHeaderView.swift in Sources */,
				000000000000000000001078 /* EvidenceStreamRowView.swift in Sources */,
				00000000000000000000107A /* TrainingHistoryView.swift in Sources */,
				00000000000000000000107C /* TrainingHistoryViewModel.swift in Sources */,
				00000000000000000000107E /* TrainingDayView.swift in Sources */,
				000000000000000000001080 /* TrainingDayViewModel.swift in Sources */,
				000000000000000000001082 /* TrainingSessionDetailView.swift in Sources */,
				000000000000000000001084 /* TrainingSessionDetailViewModel.swift in Sources */,
				000000000000000000001086 /* TrainingAreaView.swift in Sources */,
				000000000000000000001088 /* TrainingAreaViewModel.swift in Sources */,
				0000000000000000000010D2 /* TrainingLibraryHeaderView.swift in Sources */,
				0000000000000000000010D4 /* TrainingExerciseDetailViewModel.swift in Sources */,
				0000000000000000000010D6 /* TrainingExerciseDetailView.swift in Sources */,
			);
			runOnlyForDeploymentPostprocessing = 0;
		};
		0000000000000000000010C8 /* Sources */ = {
			isa = PBXSourcesBuildPhase;
			buildActionMask = 2147483647;
			files = (
				000000000000000000001097 /* AppTabTests.swift in Sources */,
				000000000000000000001099 /* HomeReadModelTests.swift in Sources */,
				00000000000000000000109B /* LogReadModelTests.swift in Sources */,
				00000000000000000000109D /* SharedUITests.swift in Sources */,
				00000000000000000000109F /* EvidenceReadModelTests.swift in Sources */,
				0000000000000000000010A1 /* EvidenceHubUsageTests.swift in Sources */,
				0000000000000000000010A3 /* TrainingReadModelTests.swift in Sources */,
			);
			runOnlyForDeploymentPostprocessing = 0;
		};
/* End PBXSourcesBuildPhase section */

/* Begin PBXTargetDependency section */
		0000000000000000000010CB /* PBXTargetDependency */ = {
			isa = PBXTargetDependency;
			target = 0000000000000000000010BD /* PhysiqueOS */;
			targetProxy = 0000000000000000000010CC /* PBXContainerItemProxy */;
		};
/* End PBXTargetDependency section */

/* Begin XCBuildConfiguration section */
		0000000000000000000010BB /* Debug */ = {
			isa = XCBuildConfiguration;
			buildSettings = {
				ALWAYS_SEARCH_USER_PATHS = NO;
				CLANG_ANALYZER_NONNULL = YES;
				CLANG_ANALYZER_NUMBER_OBJECT_CONVERSION = YES_AGGRESSIVE;
				CLANG_CXX_LANGUAGE_STANDARD = "gnu++20";
				CLANG_ENABLE_MODULES = YES;
				CLANG_ENABLE_OBJC_ARC = YES;
				CLANG_ENABLE_OBJC_WEAK = YES;
				CLANG_WARN_BLOCK_CAPTURE_AUTORELEASING = YES;
				CLANG_WARN_BOOL_CONVERSION = YES;
				CLANG_WARN_COMMA = YES;
				CLANG_WARN_CONSTANT_CONVERSION = YES;
				CLANG_WARN_DEPRECATED_OBJC_IMPLEMENTATIONS = YES;
				CLANG_WARN_DIRECT_OBJC_ISA_USAGE = YES_ERROR;
				CLANG_WARN_DOCUMENTATION_COMMENTS = YES;
				CLANG_WARN_EMPTY_BODY = YES;
				CLANG_WARN_ENUM_CONVERSION = YES;
				CLANG_WARN_INFINITE_RECURSION = YES;
				CLANG_WARN_INT_CONVERSION = YES;
				CLANG_WARN_NON_LITERAL_NULL_CONVERSION = YES;
				CLANG_WARN_OBJC_IMPLICIT_RETAIN_SELF = YES;
				CLANG_WARN_OBJC_LITERAL_CONVERSION = YES;
				CLANG_WARN_OBJC_ROOT_CLASS = YES_ERROR;
				CLANG_WARN_QUOTED_INCLUDE_IN_FRAMEWORK_HEADER = YES;
				CLANG_WARN_RANGE_LOOP_ANALYSIS = YES;
				CLANG_WARN_STRICT_PROTOTYPES = YES;
				CLANG_WARN_SUSPICIOUS_MOVE = YES;
				CLANG_WARN_UNGUARDED_AVAILABILITY = YES_AGGRESSIVE;
				CLANG_WARN_UNREACHABLE_CODE = YES;
				CLANG_WARN__DUPLICATE_METHOD_MATCH = YES;
				COPY_PHASE_STRIP = NO;
				ENABLE_STRICT_OBJC_MSGSEND = YES;
				GCC_C_LANGUAGE_STANDARD = gnu17;
				GCC_NO_COMMON_BLOCKS = YES;
				GCC_WARN_64_TO_32_BIT_CONVERSION = YES;
				GCC_WARN_ABOUT_RETURN_TYPE = YES_ERROR;
				GCC_WARN_UNDECLARED_SELECTOR = YES;
				GCC_WARN_UNINITIALIZED_AUTOS = YES_AGGRESSIVE;
				GCC_WARN_UNUSED_FUNCTION = YES;
				GCC_WARN_UNUSED_VARIABLE = YES;
				IPHONEOS_DEPLOYMENT_TARGET = 18.0;
				MTL_ENABLE_DEBUG_INFO = INCLUDE_SOURCE;
				MTL_FAST_MATH = YES;
				SDKROOT = iphoneos;
				SWIFT_VERSION = 6.0;
				DEBUG_INFORMATION_FORMAT = dwarf;
				ENABLE_TESTABILITY = YES;
				GCC_DYNAMIC_NO_PIC = NO;
				GCC_OPTIMIZATION_LEVEL = 0;
				GCC_PREPROCESSOR_DEFINITIONS = (
					"DEBUG=1",
					"$(inherited)",
				);
				ONLY_ACTIVE_ARCH = YES;
				SWIFT_ACTIVE_COMPILATION_CONDITIONS = "DEBUG $(inherited)";
				SWIFT_OPTIMIZATION_LEVEL = "-Onone";
			};
			name = Debug;
		};
		0000000000000000000010BC /* Release */ = {
			isa = XCBuildConfiguration;
			buildSettings = {
				ALWAYS_SEARCH_USER_PATHS = NO;
				CLANG_ANALYZER_NONNULL = YES;
				CLANG_ANALYZER_NUMBER_OBJECT_CONVERSION = YES_AGGRESSIVE;
				CLANG_CXX_LANGUAGE_STANDARD = "gnu++20";
				CLANG_ENABLE_MODULES = YES;
				CLANG_ENABLE_OBJC_ARC = YES;
				CLANG_ENABLE_OBJC_WEAK = YES;
				CLANG_WARN_BLOCK_CAPTURE_AUTORELEASING = YES;
				CLANG_WARN_BOOL_CONVERSION = YES;
				CLANG_WARN_COMMA = YES;
				CLANG_WARN_CONSTANT_CONVERSION = YES;
				CLANG_WARN_DEPRECATED_OBJC_IMPLEMENTATIONS = YES;
				CLANG_WARN_DIRECT_OBJC_ISA_USAGE = YES_ERROR;
				CLANG_WARN_DOCUMENTATION_COMMENTS = YES;
				CLANG_WARN_EMPTY_BODY = YES;
				CLANG_WARN_ENUM_CONVERSION = YES;
				CLANG_WARN_INFINITE_RECURSION = YES;
				CLANG_WARN_INT_CONVERSION = YES;
				CLANG_WARN_NON_LITERAL_NULL_CONVERSION = YES;
				CLANG_WARN_OBJC_IMPLICIT_RETAIN_SELF = YES;
				CLANG_WARN_OBJC_LITERAL_CONVERSION = YES;
				CLANG_WARN_OBJC_ROOT_CLASS = YES_ERROR;
				CLANG_WARN_QUOTED_INCLUDE_IN_FRAMEWORK_HEADER = YES;
				CLANG_WARN_RANGE_LOOP_ANALYSIS = YES;
				CLANG_WARN_STRICT_PROTOTYPES = YES;
				CLANG_WARN_SUSPICIOUS_MOVE = YES;
				CLANG_WARN_UNGUARDED_AVAILABILITY = YES_AGGRESSIVE;
				CLANG_WARN_UNREACHABLE_CODE = YES;
				CLANG_WARN__DUPLICATE_METHOD_MATCH = YES;
				COPY_PHASE_STRIP = NO;
				ENABLE_STRICT_OBJC_MSGSEND = YES;
				GCC_C_LANGUAGE_STANDARD = gnu17;
				GCC_NO_COMMON_BLOCKS = YES;
				GCC_WARN_64_TO_32_BIT_CONVERSION = YES;
				GCC_WARN_ABOUT_RETURN_TYPE = YES_ERROR;
				GCC_WARN_UNDECLARED_SELECTOR = YES;
				GCC_WARN_UNINITIALIZED_AUTOS = YES_AGGRESSIVE;
				GCC_WARN_UNUSED_FUNCTION = YES;
				GCC_WARN_UNUSED_VARIABLE = YES;
				IPHONEOS_DEPLOYMENT_TARGET = 18.0;
				MTL_ENABLE_DEBUG_INFO = INCLUDE_SOURCE;
				MTL_FAST_MATH = YES;
				SDKROOT = iphoneos;
				SWIFT_VERSION = 6.0;
				DEBUG_INFORMATION_FORMAT = "dwarf-with-dsym";
				ENABLE_NS_ASSERTIONS = NO;
				MTL_ENABLE_DEBUG_INFO = NO;
				SWIFT_COMPILATION_MODE = wholemodule;
				VALIDATE_PRODUCT = YES;
			};
			name = Release;
		};
		0000000000000000000010BF /* Debug */ = {
			isa = XCBuildConfiguration;
			buildSettings = {
				ASSETCATALOG_COMPILER_GENERATE_SWIFT_ASSET_SYMBOL_EXTENSIONS = YES;
				CODE_SIGN_STYLE = Automatic;
				CURRENT_PROJECT_VERSION = 1;
				DEVELOPMENT_TEAM = 33GMTRM6G9;
				GENERATE_INFOPLIST_FILE = YES;
				INFOPLIST_FILE = "PhysiqueOS/Supporting/Info.plist";
				INFOPLIST_KEY_UIApplicationSceneManifest_Generation = YES;
				INFOPLIST_KEY_UIApplicationSupportsIndirectInputEvents = YES;
				INFOPLIST_KEY_UILaunchScreen_Generation = YES;
				INFOPLIST_KEY_UISupportedInterfaceOrientations_iPhone = "UIInterfaceOrientationPortrait UIInterfaceOrientationLandscapeLeft UIInterfaceOrientationLandscapeRight";
				INFOPLIST_KEY_UISupportedInterfaceOrientations_iPad = "UIInterfaceOrientationPortrait UIInterfaceOrientationPortraitUpsideDown UIInterfaceOrientationLandscapeLeft UIInterfaceOrientationLandscapeRight";
				LD_RUNPATH_SEARCH_PATHS = (
					"$(inherited)",
					"@executable_path/Frameworks",
				);
				MARKETING_VERSION = 1.0;
				PRODUCT_BUNDLE_IDENTIFIER = com.physiqueos.native.dev;
				PRODUCT_NAME = "$(TARGET_NAME)";
				SWIFT_EMIT_LOC_STRINGS = YES;
				TARGETED_DEVICE_FAMILY = "1,2";
			};
			name = Debug;
		};
		0000000000000000000010C0 /* Release */ = {
			isa = XCBuildConfiguration;
			buildSettings = {
				ASSETCATALOG_COMPILER_GENERATE_SWIFT_ASSET_SYMBOL_EXTENSIONS = YES;
				CODE_SIGN_STYLE = Automatic;
				CURRENT_PROJECT_VERSION = 1;
				DEVELOPMENT_TEAM = 33GMTRM6G9;
				GENERATE_INFOPLIST_FILE = YES;
				INFOPLIST_FILE = "PhysiqueOS/Supporting/Info.plist";
				INFOPLIST_KEY_UIApplicationSceneManifest_Generation = YES;
				INFOPLIST_KEY_UIApplicationSupportsIndirectInputEvents = YES;
				INFOPLIST_KEY_UILaunchScreen_Generation = YES;
				INFOPLIST_KEY_UISupportedInterfaceOrientations_iPhone = "UIInterfaceOrientationPortrait UIInterfaceOrientationLandscapeLeft UIInterfaceOrientationLandscapeRight";
				INFOPLIST_KEY_UISupportedInterfaceOrientations_iPad = "UIInterfaceOrientationPortrait UIInterfaceOrientationPortraitUpsideDown UIInterfaceOrientationLandscapeLeft UIInterfaceOrientationLandscapeRight";
				LD_RUNPATH_SEARCH_PATHS = (
					"$(inherited)",
					"@executable_path/Frameworks",
				);
				MARKETING_VERSION = 1.0;
				PRODUCT_BUNDLE_IDENTIFIER = com.physiqueos.native.dev;
				PRODUCT_NAME = "$(TARGET_NAME)";
				SWIFT_EMIT_LOC_STRINGS = YES;
				TARGETED_DEVICE_FAMILY = "1,2";
			};
			name = Release;
		};
		0000000000000000000010C6 /* Debug */ = {
			isa = XCBuildConfiguration;
			buildSettings = {
				BUNDLE_LOADER = "$(TEST_HOST)";
				CODE_SIGN_STYLE = Automatic;
				CURRENT_PROJECT_VERSION = 1;
				DEVELOPMENT_TEAM = 33GMTRM6G9;
				GENERATE_INFOPLIST_FILE = YES;
				MARKETING_VERSION = 1.0;
				PRODUCT_BUNDLE_IDENTIFIER = com.physiqueos.native.dev.Tests;
				PRODUCT_NAME = "$(TARGET_NAME)";
				SWIFT_EMIT_LOC_STRINGS = NO;
				TARGETED_DEVICE_FAMILY = "1,2";
				TEST_HOST = "$(BUILT_PRODUCTS_DIR)/PhysiqueOS.app/PhysiqueOS";
			};
			name = Debug;
		};
		0000000000000000000010C7 /* Release */ = {
			isa = XCBuildConfiguration;
			buildSettings = {
				BUNDLE_LOADER = "$(TEST_HOST)";
				CODE_SIGN_STYLE = Automatic;
				CURRENT_PROJECT_VERSION = 1;
				DEVELOPMENT_TEAM = 33GMTRM6G9;
				GENERATE_INFOPLIST_FILE = YES;
				MARKETING_VERSION = 1.0;
				PRODUCT_BUNDLE_IDENTIFIER = com.physiqueos.native.dev.Tests;
				PRODUCT_NAME = "$(TARGET_NAME)";
				SWIFT_EMIT_LOC_STRINGS = NO;
				TARGETED_DEVICE_FAMILY = "1,2";
				TEST_HOST = "$(BUILT_PRODUCTS_DIR)/PhysiqueOS.app/PhysiqueOS";
			};
			name = Release;
		};
/* End XCBuildConfiguration section */

/* Begin XCConfigurationList section */
		0000000000000000000010BA /* Build configuration list for PBXProject "PhysiqueOS" */ = {
			isa = XCConfigurationList;
			buildConfigurations = (
				0000000000000000000010BB /* Debug */,
				0000000000000000000010BC /* Release */,
			);
			defaultConfigurationIsVisible = 0;
			defaultConfigurationName = Release;
		};
		0000000000000000000010BE /* Build configuration list for PBXNativeTarget "PhysiqueOS" */ = {
			isa = XCConfigurationList;
			buildConfigurations = (
				0000000000000000000010BF /* Debug */,
				0000000000000000000010C0 /* Release */,
			);
			defaultConfigurationIsVisible = 0;
			defaultConfigurationName = Release;
		};
		0000000000000000000010C5 /* Build configuration list for PBXNativeTarget "PhysiqueOSTests" */ = {
			isa = XCConfigurationList;
			buildConfigurations = (
				0000000000000000000010C6 /* Debug */,
				0000000000000000000010C7 /* Release */,
			);
			defaultConfigurationIsVisible = 0;
			defaultConfigurationName = Release;
		};
/* End XCConfigurationList section */
	};
	rootObject = 0000000000000000000010B9 /* Project object */;
}
