// !$*UTF8*$!
{
	archiveVersion = 1;
	classes = {
	};
	objectVersion = 56;
	objects = {

/* Begin PBXBuildFile section */
		000000000000000000001002 /* PhysiqueOSApp.swift in Sources */ = {isa = PBXBuildFile; fileRef = 000000000000000000001001 /* PhysiqueOSApp.swift */; };
		000000000000000000001004 /* AppEnvironment.swift in Sources */ = {isa = PBXBuildFile; fileRef = 000000000000000000001003 /* AppEnvironment.swift */; };
		000000000000000000001006 /* AppTab.swift in Sources */ = {isa = PBXBuildFile; fileRef = 000000000000000000001005 /* AppTab.swift */; };
		000000000000000000001008 /* AppDestination.swift in Sources */ = {isa = PBXBuildFile; fileRef = 000000000000000000001007 /* AppDestination.swift */; };
		00000000000000000000100A /* AppDestinationCoding.swift in Sources */ = {isa = PBXBuildFile; fileRef = 000000000000000000001009 /* AppDestinationCoding.swift */; };
		00000000000000000000100C /* HomeReadModel.swift in Sources */ = {isa = PBXBuildFile; fileRef = 00000000000000000000100B /* HomeReadModel.swift */; };
		00000000000000000000100E /* LogReadModel.swift in Sources */ = {isa = PBXBuildFile; fileRef = 00000000000000000000100D /* LogReadModel.swift */; };
		000000000000000000001010 /* DirectWeighInValidation.swift in Sources */ = {isa = PBXBuildFile; fileRef = 00000000000000000000100F /* DirectWeighInValidation.swift */; };
		000000000000000000001012 /* EvidenceDateParsing.swift in Sources */ = {isa = PBXBuildFile; fileRef = 000000000000000000001011 /* EvidenceDateParsing.swift */; };
		000000000000000000001014 /* EvidenceReadModel.swift in Sources */ = {isa = PBXBuildFile; fileRef = 000000000000000000001013 /* EvidenceReadModel.swift */; };
		000000000000000000001016 /* EvidenceHubUsage.swift in Sources */ = {isa = PBXBuildFile; fileRef = 000000000000000000001015 /* EvidenceHubUsage.swift */; };
		000000000000000000001018 /* TrainingReadModel.swift in Sources */ = {isa = PBXBuildFile; fileRef = 000000000000000000001017 /* TrainingReadModel.swift */; };
		00000000000000000000101A /* TrainingSessionRenderItems.swift in Sources */ = {isa = PBXBuildFile; fileRef = 000000000000000000001019 /* TrainingSessionRenderItems.swift */; };
		00000000000000000000101C /* TrainingSessionCorrectionValidation.swift in Sources */ = {isa = PBXBuildFile; fileRef = 00000000000000000000101B /* TrainingSessionCorrectionValidation.swift */; };
		00000000000000000000101E /* TrainingExerciseHistoryCalculator.swift in Sources */ = {isa = PBXBuildFile; fileRef = 00000000000000000000101D /* TrainingExerciseHistoryCalculator.swift */; };
		000000000000000000001020 /* TrainingPerformanceRecordsCalculator.swift in Sources */ = {isa = PBXBuildFile; fileRef = 00000000000000000000101F /* TrainingPerformanceRecordsCalculator.swift */; };
		000000000000000000001022 /* TrainingReportingReadModel.swift in Sources */ = {isa = PBXBuildFile; fileRef = 000000000000000000001021 /* TrainingReportingReadModel.swift */; };
		000000000000000000001024 /* TrainingLoggerReadModel.swift in Sources */ = {isa = PBXBuildFile; fileRef = 000000000000000000001023 /* TrainingLoggerReadModel.swift */; };
		000000000000000000001026 /* HomeAPI.swift in Sources */ = {isa = PBXBuildFile; fileRef = 000000000000000000001025 /* HomeAPI.swift */; };
		000000000000000000001028 /* LogAPI.swift in Sources */ = {isa = PBXBuildFile; fileRef = 000000000000000000001027 /* LogAPI.swift */; };
		00000000000000000000102A /* EvidenceAPI.swift in Sources */ = {isa = PBXBuildFile; fileRef = 000000000000000000001029 /* EvidenceAPI.swift */; };
		00000000000000000000102C /* TrainingAPI.swift in Sources */ = {isa = PBXBuildFile; fileRef = 00000000000000000000102B /* TrainingAPI.swift */; };
		00000000000000000000102E /* TrainingLoggerAPI.swift in Sources */ = {isa = PBXBuildFile; fileRef = 00000000000000000000102D /* TrainingLoggerAPI.swift */; };
		000000000000000000001030 /* TrainingLoggerDraftStore.swift in Sources */ = {isa = PBXBuildFile; fileRef = 00000000000000000000102F /* TrainingLoggerDraftStore.swift */; };
		000000000000000000001032 /* PhysiqueOSTheme.swift in Sources */ = {isa = PBXBuildFile; fileRef = 000000000000000000001031 /* PhysiqueOSTheme.swift */; };
		000000000000000000001034 /* IconBadge.swift in Sources */ = {isa = PBXBuildFile; fileRef = 000000000000000000001033 /* IconBadge.swift */; };
		000000000000000000001036 /* CardContainer.swift in Sources */ = {isa = PBXBuildFile; fileRef = 000000000000000000001035 /* CardContainer.swift */; };
		000000000000000000001038 /* SectionHeading.swift in Sources */ = {isa = PBXBuildFile; fileRef = 000000000000000000001037 /* SectionHeading.swift */; };
		00000000000000000000103A /* StatusChip.swift in Sources */ = {isa = PBXBuildFile; fileRef = 000000000000000000001039 /* StatusChip.swift */; };
		00000000000000000000103C /* ConfidenceRing.swift in Sources */ = {isa = PBXBuildFile; fileRef = 00000000000000000000103B /* ConfidenceRing.swift */; };
		00000000000000000000103E /* AnimatedProgressBar.swift in Sources */ = {isa = PBXBuildFile; fileRef = 00000000000000000000103D /* AnimatedProgressBar.swift */; };
		000000000000000000001040 /* MetricRow.swift in Sources */ = {isa = PBXBuildFile; fileRef = 00000000000000000000103F /* MetricRow.swift */; };
		000000000000000000001042 /* Typography.swift in Sources */ = {isa = PBXBuildFile; fileRef = 000000000000000000001041 /* Typography.swift */; };
		000000000000000000001044 /* PlusJakartaSans.swift in Sources */ = {isa = PBXBuildFile; fileRef = 000000000000000000001043 /* PlusJakartaSans.swift */; };
		000000000000000000001046 /* PrimaryActionButton.swift in Sources */ = {isa = PBXBuildFile; fileRef = 000000000000000000001045 /* PrimaryActionButton.swift */; };
		000000000000000000001048 /* ScrollScreenLayout.swift in Sources */ = {isa = PBXBuildFile; fileRef = 000000000000000000001047 /* ScrollScreenLayout.swift */; };
		00000000000000000000104A /* DateField.swift in Sources */ = {isa = PBXBuildFile; fileRef = 000000000000000000001049 /* DateField.swift */; };
		00000000000000000000104C /* TabPlaceholderView.swift in Sources */ = {isa = PBXBuildFile; fileRef = 00000000000000000000104B /* TabPlaceholderView.swift */; };
		00000000000000000000104E /* EvidenceAttachment.swift in Sources */ = {isa = PBXBuildFile; fileRef = 00000000000000000000104D /* EvidenceAttachment.swift */; };
		000000000000000000001050 /* EvidenceSourcePicker.swift in Sources */ = {isa = PBXBuildFile; fileRef = 00000000000000000000104F /* EvidenceSourcePicker.swift */; };
		000000000000000000001052 /* EvidenceStreamPresentation.swift in Sources */ = {isa = PBXBuildFile; fileRef = 000000000000000000001051 /* EvidenceStreamPresentation.swift */; };
		000000000000000000001054 /* InteractivePopGesture.swift in Sources */ = {isa = PBXBuildFile; fileRef = 000000000000000000001053 /* InteractivePopGesture.swift */; };
		000000000000000000001056 /* RootTabView.swift in Sources */ = {isa = PBXBuildFile; fileRef = 000000000000000000001055 /* RootTabView.swift */; };
		000000000000000000001058 /* DestinationPlaceholderView.swift in Sources */ = {isa = PBXBuildFile; fileRef = 000000000000000000001057 /* DestinationPlaceholderView.swift */; };
		00000000000000000000105A /* AppDestinationRouterView.swift in Sources */ = {isa = PBXBuildFile; fileRef = 000000000000000000001059 /* AppDestinationRouterView.swift */; };
		00000000000000000000105C /* HomeView.swift in Sources */ = {isa = PBXBuildFile; fileRef = 00000000000000000000105B /* HomeView.swift */; };
		00000000000000000000105E /* HomeViewModel.swift in Sources */ = {isa = PBXBuildFile; fileRef = 00000000000000000000105D /* HomeViewModel.swift */; };
		000000000000000000001060 /* HomeHeaderView.swift in Sources */ = {isa = PBXBuildFile; fileRef = 00000000000000000000105F /* HomeHeaderView.swift */; };
		000000000000000000001062 /* HomeHeroCardView.swift in Sources */ = {isa = PBXBuildFile; fileRef = 000000000000000000001061 /* HomeHeroCardView.swift */; };
		000000000000000000001064 /* ConfidenceDetailSheet.swift in Sources */ = {isa = PBXBuildFile; fileRef = 000000000000000000001063 /* ConfidenceDetailSheet.swift */; };
		000000000000000000001066 /* NextBestActionView.swift in Sources */ = {isa = PBXBuildFile; fileRef = 000000000000000000001065 /* NextBestActionView.swift */; };
		000000000000000000001068 /* BriefingCardView.swift in Sources */ = {isa = PBXBuildFile; fileRef = 000000000000000000001067 /* BriefingCardView.swift */; };
		00000000000000000000106A /* GoalRowView.swift in Sources */ = {isa = PBXBuildFile; fileRef = 000000000000000000001069 /* GoalRowView.swift */; };
		00000000000000000000106C /* FocusTileView.swift in Sources */ = {isa = PBXBuildFile; fileRef = 00000000000000000000106B /* FocusTileView.swift */; };
		00000000000000000000106E /* TodaysFocusCardView.swift in Sources */ = {isa = PBXBuildFile; fileRef = 00000000000000000000106D /* TodaysFocusCardView.swift */; };
		000000000000000000001070 /* LogView.swift in Sources */ = {isa = PBXBuildFile; fileRef = 00000000000000000000106F /* LogView.swift */; };
		000000000000000000001072 /* LogViewModel.swift in Sources */ = {isa = PBXBuildFile; fileRef = 000000000000000000001071 /* LogViewModel.swift */; };
		000000000000000000001074 /* LogHeaderView.swift in Sources */ = {isa = PBXBuildFile; fileRef = 000000000000000000001073 /* LogHeaderView.swift */; };
		000000000000000000001076 /* LoggedTodayCardView.swift in Sources */ = {isa = PBXBuildFile; fileRef = 000000000000000000001075 /* LoggedTodayCardView.swift */; };
		000000000000000000001078 /* TrainingLoggerCardView.swift in Sources */ = {isa = PBXBuildFile; fileRef = 000000000000000000001077 /* TrainingLoggerCardView.swift */; };
		00000000000000000000107A /* PendingEvidenceReviewsCardView.swift in Sources */ = {isa = PBXBuildFile; fileRef = 000000000000000000001079 /* PendingEvidenceReviewsCardView.swift */; };
		00000000000000000000107C /* UploadCardView.swift in Sources */ = {isa = PBXBuildFile; fileRef = 00000000000000000000107B /* UploadCardView.swift */; };
		00000000000000000000107E /* GoalsPlaceholderView.swift in Sources */ = {isa = PBXBuildFile; fileRef = 00000000000000000000107D /* GoalsPlaceholderView.swift */; };
		000000000000000000001080 /* YouPlaceholderView.swift in Sources */ = {isa = PBXBuildFile; fileRef = 00000000000000000000107F /* YouPlaceholderView.swift */; };
		000000000000000000001082 /* EvidenceView.swift in Sources */ = {isa = PBXBuildFile; fileRef = 000000000000000000001081 /* EvidenceView.swift */; };
		000000000000000000001084 /* EvidenceViewModel.swift in Sources */ = {isa = PBXBuildFile; fileRef = 000000000000000000001083 /* EvidenceViewModel.swift */; };
		000000000000000000001086 /* EvidenceHeaderView.swift in Sources */ = {isa = PBXBuildFile; fileRef = 000000000000000000001085 /* EvidenceHeaderView.swift */; };
		000000000000000000001088 /* EvidenceStreamRowView.swift in Sources */ = {isa = PBXBuildFile; fileRef = 000000000000000000001087 /* EvidenceStreamRowView.swift */; };
		00000000000000000000108A /* TrainingHistoryView.swift in Sources */ = {isa = PBXBuildFile; fileRef = 000000000000000000001089 /* TrainingHistoryView.swift */; };
		00000000000000000000108C /* TrainingHistoryViewModel.swift in Sources */ = {isa = PBXBuildFile; fileRef = 00000000000000000000108B /* TrainingHistoryViewModel.swift */; };
		00000000000000000000108E /* TrainingDayView.swift in Sources */ = {isa = PBXBuildFile; fileRef = 00000000000000000000108D /* TrainingDayView.swift */; };
		000000000000000000001090 /* TrainingDayViewModel.swift in Sources */ = {isa = PBXBuildFile; fileRef = 00000000000000000000108F /* TrainingDayViewModel.swift */; };
		000000000000000000001092 /* TrainingSessionDetailView.swift in Sources */ = {isa = PBXBuildFile; fileRef = 000000000000000000001091 /* TrainingSessionDetailView.swift */; };
		000000000000000000001094 /* TrainingSessionDetailViewModel.swift in Sources */ = {isa = PBXBuildFile; fileRef = 000000000000000000001093 /* TrainingSessionDetailViewModel.swift */; };
		000000000000000000001096 /* TrainingAreaView.swift in Sources */ = {isa = PBXBuildFile; fileRef = 000000000000000000001095 /* TrainingAreaView.swift */; };
		000000000000000000001098 /* TrainingAreaViewModel.swift in Sources */ = {isa = PBXBuildFile; fileRef = 000000000000000000001097 /* TrainingAreaViewModel.swift */; };
		00000000000000000000109A /* TrainingLibraryHeaderView.swift in Sources */ = {isa = PBXBuildFile; fileRef = 000000000000000000001099 /* TrainingLibraryHeaderView.swift */; };
		00000000000000000000109C /* TrainingExerciseDetailViewModel.swift in Sources */ = {isa = PBXBuildFile; fileRef = 00000000000000000000109B /* TrainingExerciseDetailViewModel.swift */; };
		00000000000000000000109E /* TrainingExerciseDetailView.swift in Sources */ = {isa = PBXBuildFile; fileRef = 00000000000000000000109D /* TrainingExerciseDetailView.swift */; };
		0000000000000000000010A0 /* TrainingLibraryRootView.swift in Sources */ = {isa = PBXBuildFile; fileRef = 00000000000000000000109F /* TrainingLibraryRootView.swift */; };
		0000000000000000000010A2 /* TrainingLibraryRootViewModel.swift in Sources */ = {isa = PBXBuildFile; fileRef = 0000000000000000000010A1 /* TrainingLibraryRootViewModel.swift */; };
		0000000000000000000010A4 /* TrainingReportingView.swift in Sources */ = {isa = PBXBuildFile; fileRef = 0000000000000000000010A3 /* TrainingReportingView.swift */; };
		0000000000000000000010A6 /* TrainingReportingViewModel.swift in Sources */ = {isa = PBXBuildFile; fileRef = 0000000000000000000010A5 /* TrainingReportingViewModel.swift */; };
		0000000000000000000010A8 /* TrainingLoggerView.swift in Sources */ = {isa = PBXBuildFile; fileRef = 0000000000000000000010A7 /* TrainingLoggerView.swift */; };
		0000000000000000000010AA /* TrainingLoggerViewModel.swift in Sources */ = {isa = PBXBuildFile; fileRef = 0000000000000000000010A9 /* TrainingLoggerViewModel.swift */; };
		0000000000000000000010AC /* HomeFixture.json in Resources */ = {isa = PBXBuildFile; fileRef = 0000000000000000000010AB /* HomeFixture.json */; };
		0000000000000000000010AE /* LogFixture.json in Resources */ = {isa = PBXBuildFile; fileRef = 0000000000000000000010AD /* LogFixture.json */; };
		0000000000000000000010B0 /* EvidenceFixture.json in Resources */ = {isa = PBXBuildFile; fileRef = 0000000000000000000010AF /* EvidenceFixture.json */; };
		0000000000000000000010B2 /* TrainingFixture.json in Resources */ = {isa = PBXBuildFile; fileRef = 0000000000000000000010B1 /* TrainingFixture.json */; };
		0000000000000000000010B4 /* TrainingLoggerFixture.json in Resources */ = {isa = PBXBuildFile; fileRef = 0000000000000000000010B3 /* TrainingLoggerFixture.json */; };
		0000000000000000000010B6 /* PlusJakartaSans[wght].ttf in Resources */ = {isa = PBXBuildFile; fileRef = 0000000000000000000010B5 /* PlusJakartaSans[wght].ttf */; };
		0000000000000000000010B8 /* OFL.txt in Resources */ = {isa = PBXBuildFile; fileRef = 0000000000000000000010B7 /* OFL.txt */; };
		000000000000000000001102 /* Assets.xcassets in Resources */ = {isa = PBXBuildFile; fileRef = 000000000000000000001101 /* Assets.xcassets */; };
		0000000000000000000010BB /* AppTabTests.swift in Sources */ = {isa = PBXBuildFile; fileRef = 0000000000000000000010BA /* AppTabTests.swift */; };
		0000000000000000000010BD /* HomeReadModelTests.swift in Sources */ = {isa = PBXBuildFile; fileRef = 0000000000000000000010BC /* HomeReadModelTests.swift */; };
		0000000000000000000010BF /* LogReadModelTests.swift in Sources */ = {isa = PBXBuildFile; fileRef = 0000000000000000000010BE /* LogReadModelTests.swift */; };
		0000000000000000000010C1 /* SharedUITests.swift in Sources */ = {isa = PBXBuildFile; fileRef = 0000000000000000000010C0 /* SharedUITests.swift */; };
		0000000000000000000010C3 /* EvidenceReadModelTests.swift in Sources */ = {isa = PBXBuildFile; fileRef = 0000000000000000000010C2 /* EvidenceReadModelTests.swift */; };
		0000000000000000000010C5 /* EvidenceHubUsageTests.swift in Sources */ = {isa = PBXBuildFile; fileRef = 0000000000000000000010C4 /* EvidenceHubUsageTests.swift */; };
		0000000000000000000010C7 /* TrainingReadModelTests.swift in Sources */ = {isa = PBXBuildFile; fileRef = 0000000000000000000010C6 /* TrainingReadModelTests.swift */; };
		0000000000000000000010C9 /* TrainingLoggerTests.swift in Sources */ = {isa = PBXBuildFile; fileRef = 0000000000000000000010C8 /* TrainingLoggerTests.swift */; };
		0000000000000000000010F5 /* TrainingAcceptanceUITests.swift in Sources */ = {isa = PBXBuildFile; fileRef = 0000000000000000000010F4 /* TrainingAcceptanceUITests.swift */; };
/* End PBXBuildFile section */

/* Begin PBXContainerItemProxy section */
		0000000000000000000010F3 /* PBXContainerItemProxy */ = {
			isa = PBXContainerItemProxy;
			containerPortal = 0000000000000000000010E0 /* Project object */;
			proxyType = 1;
			remoteGlobalIDString = 0000000000000000000010E4;
			remoteInfo = PhysiqueOS;
		};
		000000000000000000001100 /* PBXContainerItemProxy */ = {
			isa = PBXContainerItemProxy;
			containerPortal = 0000000000000000000010E0 /* Project object */;
			proxyType = 1;
			remoteGlobalIDString = 0000000000000000000010E4;
			remoteInfo = PhysiqueOS;
		};
/* End PBXContainerItemProxy section */

/* Begin PBXFileReference section */
		000000000000000000001001 /* PhysiqueOSApp.swift */ = {isa = PBXFileReference; lastKnownFileType = sourcecode.swift; path = "PhysiqueOSApp.swift"; sourceTree = "<group>"; };
		000000000000000000001003 /* AppEnvironment.swift */ = {isa = PBXFileReference; lastKnownFileType = sourcecode.swift; path = "AppEnvironment.swift"; sourceTree = "<group>"; };
		000000000000000000001005 /* AppTab.swift */ = {isa = PBXFileReference; lastKnownFileType = sourcecode.swift; path = "AppTab.swift"; sourceTree = "<group>"; };
		000000000000000000001007 /* AppDestination.swift */ = {isa = PBXFileReference; lastKnownFileType = sourcecode.swift; path = "AppDestination.swift"; sourceTree = "<group>"; };
		000000000000000000001009 /* AppDestinationCoding.swift */ = {isa = PBXFileReference; lastKnownFileType = sourcecode.swift; path = "AppDestinationCoding.swift"; sourceTree = "<group>"; };
		00000000000000000000100B /* HomeReadModel.swift */ = {isa = PBXFileReference; lastKnownFileType = sourcecode.swift; path = "HomeReadModel.swift"; sourceTree = "<group>"; };
		00000000000000000000100D /* LogReadModel.swift */ = {isa = PBXFileReference; lastKnownFileType = sourcecode.swift; path = "LogReadModel.swift"; sourceTree = "<group>"; };
		00000000000000000000100F /* DirectWeighInValidation.swift */ = {isa = PBXFileReference; lastKnownFileType = sourcecode.swift; path = "DirectWeighInValidation.swift"; sourceTree = "<group>"; };
		000000000000000000001011 /* EvidenceDateParsing.swift */ = {isa = PBXFileReference; lastKnownFileType = sourcecode.swift; path = "EvidenceDateParsing.swift"; sourceTree = "<group>"; };
		000000000000000000001013 /* EvidenceReadModel.swift */ = {isa = PBXFileReference; lastKnownFileType = sourcecode.swift; path = "EvidenceReadModel.swift"; sourceTree = "<group>"; };
		000000000000000000001015 /* EvidenceHubUsage.swift */ = {isa = PBXFileReference; lastKnownFileType = sourcecode.swift; path = "EvidenceHubUsage.swift"; sourceTree = "<group>"; };
		000000000000000000001017 /* TrainingReadModel.swift */ = {isa = PBXFileReference; lastKnownFileType = sourcecode.swift; path = "TrainingReadModel.swift"; sourceTree = "<group>"; };
		000000000000000000001019 /* TrainingSessionRenderItems.swift */ = {isa = PBXFileReference; lastKnownFileType = sourcecode.swift; path = "TrainingSessionRenderItems.swift"; sourceTree = "<group>"; };
		00000000000000000000101B /* TrainingSessionCorrectionValidation.swift */ = {isa = PBXFileReference; lastKnownFileType = sourcecode.swift; path = "TrainingSessionCorrectionValidation.swift"; sourceTree = "<group>"; };
		00000000000000000000101D /* TrainingExerciseHistoryCalculator.swift */ = {isa = PBXFileReference; lastKnownFileType = sourcecode.swift; path = "TrainingExerciseHistoryCalculator.swift"; sourceTree = "<group>"; };
		00000000000000000000101F /* TrainingPerformanceRecordsCalculator.swift */ = {isa = PBXFileReference; lastKnownFileType = sourcecode.swift; path = "TrainingPerformanceRecordsCalculator.swift"; sourceTree = "<group>"; };
		000000000000000000001021 /* TrainingReportingReadModel.swift */ = {isa = PBXFileReference; lastKnownFileType = sourcecode.swift; path = "TrainingReportingReadModel.swift"; sourceTree = "<group>"; };
		000000000000000000001023 /* TrainingLoggerReadModel.swift */ = {isa = PBXFileReference; lastKnownFileType = sourcecode.swift; path = "TrainingLoggerReadModel.swift"; sourceTree = "<group>"; };
		000000000000000000001025 /* HomeAPI.swift */ = {isa = PBXFileReference; lastKnownFileType = sourcecode.swift; path = "HomeAPI.swift"; sourceTree = "<group>"; };
		000000000000000000001027 /* LogAPI.swift */ = {isa = PBXFileReference; lastKnownFileType = sourcecode.swift; path = "LogAPI.swift"; sourceTree = "<group>"; };
		000000000000000000001029 /* EvidenceAPI.swift */ = {isa = PBXFileReference; lastKnownFileType = sourcecode.swift; path = "EvidenceAPI.swift"; sourceTree = "<group>"; };
		00000000000000000000102B /* TrainingAPI.swift */ = {isa = PBXFileReference; lastKnownFileType = sourcecode.swift; path = "TrainingAPI.swift"; sourceTree = "<group>"; };
		00000000000000000000102D /* TrainingLoggerAPI.swift */ = {isa = PBXFileReference; lastKnownFileType = sourcecode.swift; path = "TrainingLoggerAPI.swift"; sourceTree = "<group>"; };
		00000000000000000000102F /* TrainingLoggerDraftStore.swift */ = {isa = PBXFileReference; lastKnownFileType = sourcecode.swift; path = "TrainingLoggerDraftStore.swift"; sourceTree = "<group>"; };
		000000000000000000001031 /* PhysiqueOSTheme.swift */ = {isa = PBXFileReference; lastKnownFileType = sourcecode.swift; path = "PhysiqueOSTheme.swift"; sourceTree = "<group>"; };
		000000000000000000001033 /* IconBadge.swift */ = {isa = PBXFileReference; lastKnownFileType = sourcecode.swift; path = "IconBadge.swift"; sourceTree = "<group>"; };
		000000000000000000001035 /* CardContainer.swift */ = {isa = PBXFileReference; lastKnownFileType = sourcecode.swift; path = "CardContainer.swift"; sourceTree = "<group>"; };
		000000000000000000001037 /* SectionHeading.swift */ = {isa = PBXFileReference; lastKnownFileType = sourcecode.swift; path = "SectionHeading.swift"; sourceTree = "<group>"; };
		000000000000000000001039 /* StatusChip.swift */ = {isa = PBXFileReference; lastKnownFileType = sourcecode.swift; path = "StatusChip.swift"; sourceTree = "<group>"; };
		00000000000000000000103B /* ConfidenceRing.swift */ = {isa = PBXFileReference; lastKnownFileType = sourcecode.swift; path = "ConfidenceRing.swift"; sourceTree = "<group>"; };
		00000000000000000000103D /* AnimatedProgressBar.swift */ = {isa = PBXFileReference; lastKnownFileType = sourcecode.swift; path = "AnimatedProgressBar.swift"; sourceTree = "<group>"; };
		00000000000000000000103F /* MetricRow.swift */ = {isa = PBXFileReference; lastKnownFileType = sourcecode.swift; path = "MetricRow.swift"; sourceTree = "<group>"; };
		000000000000000000001041 /* Typography.swift */ = {isa = PBXFileReference; lastKnownFileType = sourcecode.swift; path = "Typography.swift"; sourceTree = "<group>"; };
		000000000000000000001043 /* PlusJakartaSans.swift */ = {isa = PBXFileReference; lastKnownFileType = sourcecode.swift; path = "PlusJakartaSans.swift"; sourceTree = "<group>"; };
		000000000000000000001045 /* PrimaryActionButton.swift */ = {isa = PBXFileReference; lastKnownFileType = sourcecode.swift; path = "PrimaryActionButton.swift"; sourceTree = "<group>"; };
		000000000000000000001047 /* ScrollScreenLayout.swift */ = {isa = PBXFileReference; lastKnownFileType = sourcecode.swift; path = "ScrollScreenLayout.swift"; sourceTree = "<group>"; };
		000000000000000000001049 /* DateField.swift */ = {isa = PBXFileReference; lastKnownFileType = sourcecode.swift; path = "DateField.swift"; sourceTree = "<group>"; };
		00000000000000000000104B /* TabPlaceholderView.swift */ = {isa = PBXFileReference; lastKnownFileType = sourcecode.swift; path = "TabPlaceholderView.swift"; sourceTree = "<group>"; };
		00000000000000000000104D /* EvidenceAttachment.swift */ = {isa = PBXFileReference; lastKnownFileType = sourcecode.swift; path = "EvidenceAttachment.swift"; sourceTree = "<group>"; };
		00000000000000000000104F /* EvidenceSourcePicker.swift */ = {isa = PBXFileReference; lastKnownFileType = sourcecode.swift; path = "EvidenceSourcePicker.swift"; sourceTree = "<group>"; };
		000000000000000000001051 /* EvidenceStreamPresentation.swift */ = {isa = PBXFileReference; lastKnownFileType = sourcecode.swift; path = "EvidenceStreamPresentation.swift"; sourceTree = "<group>"; };
		000000000000000000001053 /* InteractivePopGesture.swift */ = {isa = PBXFileReference; lastKnownFileType = sourcecode.swift; path = "InteractivePopGesture.swift"; sourceTree = "<group>"; };
		000000000000000000001055 /* RootTabView.swift */ = {isa = PBXFileReference; lastKnownFileType = sourcecode.swift; path = "RootTabView.swift"; sourceTree = "<group>"; };
		000000000000000000001057 /* DestinationPlaceholderView.swift */ = {isa = PBXFileReference; lastKnownFileType = sourcecode.swift; path = "DestinationPlaceholderView.swift"; sourceTree = "<group>"; };
		000000000000000000001059 /* AppDestinationRouterView.swift */ = {isa = PBXFileReference; lastKnownFileType = sourcecode.swift; path = "AppDestinationRouterView.swift"; sourceTree = "<group>"; };
		00000000000000000000105B /* HomeView.swift */ = {isa = PBXFileReference; lastKnownFileType = sourcecode.swift; path = "HomeView.swift"; sourceTree = "<group>"; };
		00000000000000000000105D /* HomeViewModel.swift */ = {isa = PBXFileReference; lastKnownFileType = sourcecode.swift; path = "HomeViewModel.swift"; sourceTree = "<group>"; };
		00000000000000000000105F /* HomeHeaderView.swift */ = {isa = PBXFileReference; lastKnownFileType = sourcecode.swift; path = "HomeHeaderView.swift"; sourceTree = "<group>"; };
		000000000000000000001061 /* HomeHeroCardView.swift */ = {isa = PBXFileReference; lastKnownFileType = sourcecode.swift; path = "HomeHeroCardView.swift"; sourceTree = "<group>"; };
		000000000000000000001063 /* ConfidenceDetailSheet.swift */ = {isa = PBXFileReference; lastKnownFileType = sourcecode.swift; path = "ConfidenceDetailSheet.swift"; sourceTree = "<group>"; };
		000000000000000000001065 /* NextBestActionView.swift */ = {isa = PBXFileReference; lastKnownFileType = sourcecode.swift; path = "NextBestActionView.swift"; sourceTree = "<group>"; };
		000000000000000000001067 /* BriefingCardView.swift */ = {isa = PBXFileReference; lastKnownFileType = sourcecode.swift; path = "BriefingCardView.swift"; sourceTree = "<group>"; };
		000000000000000000001069 /* GoalRowView.swift */ = {isa = PBXFileReference; lastKnownFileType = sourcecode.swift; path = "GoalRowView.swift"; sourceTree = "<group>"; };
		00000000000000000000106B /* FocusTileView.swift */ = {isa = PBXFileReference; lastKnownFileType = sourcecode.swift; path = "FocusTileView.swift"; sourceTree = "<group>"; };
		00000000000000000000106D /* TodaysFocusCardView.swift */ = {isa = PBXFileReference; lastKnownFileType = sourcecode.swift; path = "TodaysFocusCardView.swift"; sourceTree = "<group>"; };
		00000000000000000000106F /* LogView.swift */ = {isa = PBXFileReference; lastKnownFileType = sourcecode.swift; path = "LogView.swift"; sourceTree = "<group>"; };
		000000000000000000001071 /* LogViewModel.swift */ = {isa = PBXFileReference; lastKnownFileType = sourcecode.swift; path = "LogViewModel.swift"; sourceTree = "<group>"; };
		000000000000000000001073 /* LogHeaderView.swift */ = {isa = PBXFileReference; lastKnownFileType = sourcecode.swift; path = "LogHeaderView.swift"; sourceTree = "<group>"; };
		000000000000000000001075 /* LoggedTodayCardView.swift */ = {isa = PBXFileReference; lastKnownFileType = sourcecode.swift; path = "LoggedTodayCardView.swift"; sourceTree = "<group>"; };
		000000000000000000001077 /* TrainingLoggerCardView.swift */ = {isa = PBXFileReference; lastKnownFileType = sourcecode.swift; path = "TrainingLoggerCardView.swift"; sourceTree = "<group>"; };
		000000000000000000001079 /* PendingEvidenceReviewsCardView.swift */ = {isa = PBXFileReference; lastKnownFileType = sourcecode.swift; path = "PendingEvidenceReviewsCardView.swift"; sourceTree = "<group>"; };
		00000000000000000000107B /* UploadCardView.swift */ = {isa = PBXFileReference; lastKnownFileType = sourcecode.swift; path = "UploadCardView.swift"; sourceTree = "<group>"; };
		00000000000000000000107D /* GoalsPlaceholderView.swift */ = {isa = PBXFileReference; lastKnownFileType = sourcecode.swift; path = "GoalsPlaceholderView.swift"; sourceTree = "<group>"; };
		00000000000000000000107F /* YouPlaceholderView.swift */ = {isa = PBXFileReference; lastKnownFileType = sourcecode.swift; path = "YouPlaceholderView.swift"; sourceTree = "<group>"; };
		000000000000000000001081 /* EvidenceView.swift */ = {isa = PBXFileReference; lastKnownFileType = sourcecode.swift; path = "EvidenceView.swift"; sourceTree = "<group>"; };
		000000000000000000001083 /* EvidenceViewModel.swift */ = {isa = PBXFileReference; lastKnownFileType = sourcecode.swift; path = "EvidenceViewModel.swift"; sourceTree = "<group>"; };
		000000000000000000001085 /* EvidenceHeaderView.swift */ = {isa = PBXFileReference; lastKnownFileType = sourcecode.swift; path = "EvidenceHeaderView.swift"; sourceTree = "<group>"; };
		000000000000000000001087 /* EvidenceStreamRowView.swift */ = {isa = PBXFileReference; lastKnownFileType = sourcecode.swift; path = "EvidenceStreamRowView.swift"; sourceTree = "<group>"; };
		000000000000000000001089 /* TrainingHistoryView.swift */ = {isa = PBXFileReference; lastKnownFileType = sourcecode.swift; path = "TrainingHistoryView.swift"; sourceTree = "<group>"; };
		00000000000000000000108B /* TrainingHistoryViewModel.swift */ = {isa = PBXFileReference; lastKnownFileType = sourcecode.swift; path = "TrainingHistoryViewModel.swift"; sourceTree = "<group>"; };
		00000000000000000000108D /* TrainingDayView.swift */ = {isa = PBXFileReference; lastKnownFileType = sourcecode.swift; path = "TrainingDayView.swift"; sourceTree = "<group>"; };
		00000000000000000000108F /* TrainingDayViewModel.swift */ = {isa = PBXFileReference; lastKnownFileType = sourcecode.swift; path = "TrainingDayViewModel.swift"; sourceTree = "<group>"; };
		000000000000000000001091 /* TrainingSessionDetailView.swift */ = {isa = PBXFileReference; lastKnownFileType = sourcecode.swift; path = "TrainingSessionDetailView.swift"; sourceTree = "<group>"; };
		000000000000000000001093 /* TrainingSessionDetailViewModel.swift */ = {isa = PBXFileReference; lastKnownFileType = sourcecode.swift; path = "TrainingSessionDetailViewModel.swift"; sourceTree = "<group>"; };
		000000000000000000001095 /* TrainingAreaView.swift */ = {isa = PBXFileReference; lastKnownFileType = sourcecode.swift; path = "TrainingAreaView.swift"; sourceTree = "<group>"; };
		000000000000000000001097 /* TrainingAreaViewModel.swift */ = {isa = PBXFileReference; lastKnownFileType = sourcecode.swift; path = "TrainingAreaViewModel.swift"; sourceTree = "<group>"; };
		000000000000000000001099 /* TrainingLibraryHeaderView.swift */ = {isa = PBXFileReference; lastKnownFileType = sourcecode.swift; path = "TrainingLibraryHeaderView.swift"; sourceTree = "<group>"; };
		00000000000000000000109B /* TrainingExerciseDetailViewModel.swift */ = {isa = PBXFileReference; lastKnownFileType = sourcecode.swift; path = "TrainingExerciseDetailViewModel.swift"; sourceTree = "<group>"; };
		00000000000000000000109D /* TrainingExerciseDetailView.swift */ = {isa = PBXFileReference; lastKnownFileType = sourcecode.swift; path = "TrainingExerciseDetailView.swift"; sourceTree = "<group>"; };
		00000000000000000000109F /* TrainingLibraryRootView.swift */ = {isa = PBXFileReference; lastKnownFileType = sourcecode.swift; path = "TrainingLibraryRootView.swift"; sourceTree = "<group>"; };
		0000000000000000000010A1 /* TrainingLibraryRootViewModel.swift */ = {isa = PBXFileReference; lastKnownFileType = sourcecode.swift; path = "TrainingLibraryRootViewModel.swift"; sourceTree = "<group>"; };
		0000000000000000000010A3 /* TrainingReportingView.swift */ = {isa = PBXFileReference; lastKnownFileType = sourcecode.swift; path = "TrainingReportingView.swift"; sourceTree = "<group>"; };
		0000000000000000000010A5 /* TrainingReportingViewModel.swift */ = {isa = PBXFileReference; lastKnownFileType = sourcecode.swift; path = "TrainingReportingViewModel.swift"; sourceTree = "<group>"; };
		0000000000000000000010A7 /* TrainingLoggerView.swift */ = {isa = PBXFileReference; lastKnownFileType = sourcecode.swift; path = "TrainingLoggerView.swift"; sourceTree = "<group>"; };
		0000000000000000000010A9 /* TrainingLoggerViewModel.swift */ = {isa = PBXFileReference; lastKnownFileType = sourcecode.swift; path = "TrainingLoggerViewModel.swift"; sourceTree = "<group>"; };
		0000000000000000000010AB /* HomeFixture.json */ = {isa = PBXFileReference; lastKnownFileType = text.json; path = "HomeFixture.json"; sourceTree = "<group>"; };
		0000000000000000000010AD /* LogFixture.json */ = {isa = PBXFileReference; lastKnownFileType = text.json; path = "LogFixture.json"; sourceTree = "<group>"; };
		0000000000000000000010AF /* EvidenceFixture.json */ = {isa = PBXFileReference; lastKnownFileType = text.json; path = "EvidenceFixture.json"; sourceTree = "<group>"; };
		0000000000000000000010B1 /* TrainingFixture.json */ = {isa = PBXFileReference; lastKnownFileType = text.json; path = "TrainingFixture.json"; sourceTree = "<group>"; };
		0000000000000000000010B3 /* TrainingLoggerFixture.json */ = {isa = PBXFileReference; lastKnownFileType = text.json; path = "TrainingLoggerFixture.json"; sourceTree = "<group>"; };
		0000000000000000000010B5 /* PlusJakartaSans[wght].ttf */ = {isa = PBXFileReference; lastKnownFileType = file; path = "PlusJakartaSans[wght].ttf"; sourceTree = "<group>"; };
		0000000000000000000010B7 /* OFL.txt */ = {isa = PBXFileReference; lastKnownFileType = text; path = "OFL.txt"; sourceTree = "<group>"; };
		000000000000000000001101 /* Assets.xcassets */ = {isa = PBXFileReference; lastKnownFileType = folder.assetcatalog; path = "Assets.xcassets"; sourceTree = "<group>"; };
		0000000000000000000010B9 /* Info.plist */ = {isa = PBXFileReference; lastKnownFileType = text.plist.xml; path = "Info.plist"; sourceTree = "<group>"; };
		0000000000000000000010BA /* AppTabTests.swift */ = {isa = PBXFileReference; lastKnownFileType = sourcecode.swift; path = "AppTabTests.swift"; sourceTree = "<group>"; };
		0000000000000000000010BC /* HomeReadModelTests.swift */ = {isa = PBXFileReference; lastKnownFileType = sourcecode.swift; path = "HomeReadModelTests.swift"; sourceTree = "<group>"; };
		0000000000000000000010BE /* LogReadModelTests.swift */ = {isa = PBXFileReference; lastKnownFileType = sourcecode.swift; path = "LogReadModelTests.swift"; sourceTree = "<group>"; };
		0000000000000000000010C0 /* SharedUITests.swift */ = {isa = PBXFileReference; lastKnownFileType = sourcecode.swift; path = "SharedUITests.swift"; sourceTree = "<group>"; };
		0000000000000000000010C2 /* EvidenceReadModelTests.swift */ = {isa = PBXFileReference; lastKnownFileType = sourcecode.swift; path = "EvidenceReadModelTests.swift"; sourceTree = "<group>"; };
		0000000000000000000010C4 /* EvidenceHubUsageTests.swift */ = {isa = PBXFileReference; lastKnownFileType = sourcecode.swift; path = "EvidenceHubUsageTests.swift"; sourceTree = "<group>"; };
		0000000000000000000010C6 /* TrainingReadModelTests.swift */ = {isa = PBXFileReference; lastKnownFileType = sourcecode.swift; path = "TrainingReadModelTests.swift"; sourceTree = "<group>"; };
		0000000000000000000010C8 /* TrainingLoggerTests.swift */ = {isa = PBXFileReference; lastKnownFileType = sourcecode.swift; path = "TrainingLoggerTests.swift"; sourceTree = "<group>"; };
		0000000000000000000010F4 /* TrainingAcceptanceUITests.swift */ = {isa = PBXFileReference; lastKnownFileType = sourcecode.swift; path = "TrainingAcceptanceUITests.swift"; sourceTree = "<group>"; };
		0000000000000000000010DE /* PhysiqueOS.app */ = {isa = PBXFileReference; explicitFileType = wrapper.application; includeInIndex = 0; path = PhysiqueOS.app; sourceTree = BUILT_PRODUCTS_DIR; };
		0000000000000000000010DF /* PhysiqueOSTests.xctest */ = {isa = PBXFileReference; explicitFileType = wrapper.cfbundle; includeInIndex = 0; path = PhysiqueOSTests.xctest; sourceTree = BUILT_PRODUCTS_DIR; };
		0000000000000000000010F6 /* PhysiqueOSUITests.xctest */ = {isa = PBXFileReference; explicitFileType = wrapper.cfbundle; includeInIndex = 0; path = PhysiqueOSUITests.xctest; sourceTree = BUILT_PRODUCTS_DIR; };
/* End PBXFileReference section */

/* Begin PBXFrameworksBuildPhase section */
		0000000000000000000010E9 /* Frameworks */ = {
			isa = PBXFrameworksBuildPhase;
			buildActionMask = 2147483647;
			files = (
			);
			runOnlyForDeploymentPostprocessing = 0;
		};
		0000000000000000000010F0 /* Frameworks */ = {
			isa = PBXFrameworksBuildPhase;
			buildActionMask = 2147483647;
			files = (
			);
			runOnlyForDeploymentPostprocessing = 0;
		};
		0000000000000000000010FD /* Frameworks */ = {
			isa = PBXFrameworksBuildPhase;
			buildActionMask = 2147483647;
			files = (
			);
			runOnlyForDeploymentPostprocessing = 0;
		};
/* End PBXFrameworksBuildPhase section */

/* Begin PBXGroup section */
		0000000000000000000010CC /* PhysiqueOS */ = {
			isa = PBXGroup;
			children = (
				0000000000000000000010CE /* App */,
				0000000000000000000010CF /* Contracts */,
				0000000000000000000010D0 /* Networking */,
				0000000000000000000010D3 /* SharedUI */,
				0000000000000000000010D1 /* Presentation */,
				0000000000000000000010D2 /* Resources */,
				0000000000000000000010D4 /* Supporting */,
			);
			path = PhysiqueOS;
			sourceTree = "<group>";
		};
		0000000000000000000010CE /* App */ = {
			isa = PBXGroup;
			children = (
				000000000000000000001001 /* PhysiqueOSApp.swift */,
				000000000000000000001003 /* AppEnvironment.swift */,
			);
			path = App;
			sourceTree = "<group>";
		};
		0000000000000000000010CF /* Contracts */ = {
			isa = PBXGroup;
			children = (
				000000000000000000001005 /* AppTab.swift */,
				000000000000000000001007 /* AppDestination.swift */,
				000000000000000000001009 /* AppDestinationCoding.swift */,
				00000000000000000000100B /* HomeReadModel.swift */,
				00000000000000000000100D /* LogReadModel.swift */,
				00000000000000000000100F /* DirectWeighInValidation.swift */,
				000000000000000000001011 /* EvidenceDateParsing.swift */,
				000000000000000000001013 /* EvidenceReadModel.swift */,
				000000000000000000001015 /* EvidenceHubUsage.swift */,
				000000000000000000001017 /* TrainingReadModel.swift */,
				000000000000000000001019 /* TrainingSessionRenderItems.swift */,
				00000000000000000000101B /* TrainingSessionCorrectionValidation.swift */,
				00000000000000000000101D /* TrainingExerciseHistoryCalculator.swift */,
				00000000000000000000101F /* TrainingPerformanceRecordsCalculator.swift */,
				000000000000000000001021 /* TrainingReportingReadModel.swift */,
				000000000000000000001023 /* TrainingLoggerReadModel.swift */,
			);
			path = Contracts;
			sourceTree = "<group>";
		};
		0000000000000000000010D0 /* Networking */ = {
			isa = PBXGroup;
			children = (
				000000000000000000001025 /* HomeAPI.swift */,
				000000000000000000001027 /* LogAPI.swift */,
				000000000000000000001029 /* EvidenceAPI.swift */,
				00000000000000000000102B /* TrainingAPI.swift */,
				00000000000000000000102D /* TrainingLoggerAPI.swift */,
				00000000000000000000102F /* TrainingLoggerDraftStore.swift */,
			);
			path = Networking;
			sourceTree = "<group>";
		};
		0000000000000000000010D1 /* Presentation */ = {
			isa = PBXGroup;
			children = (
				0000000000000000000010D5 /* Evidence */,
				0000000000000000000010D6 /* Goals */,
				0000000000000000000010D7 /* Home */,
				0000000000000000000010D8 /* Log */,
				0000000000000000000010D9 /* Root */,
				0000000000000000000010DA /* Training */,
				0000000000000000000010DB /* TrainingLogger */,
				0000000000000000000010DC /* You */,
			);
			path = Presentation;
			sourceTree = "<group>";
		};
		0000000000000000000010D2 /* Resources */ = {
			isa = PBXGroup;
			children = (
				0000000000000000000010DD /* Fonts */,
				0000000000000000000010AB /* HomeFixture.json */,
				0000000000000000000010AD /* LogFixture.json */,
				0000000000000000000010AF /* EvidenceFixture.json */,
				0000000000000000000010B1 /* TrainingFixture.json */,
				0000000000000000000010B3 /* TrainingLoggerFixture.json */,
				000000000000000000001101 /* Assets.xcassets */,
			);
			path = Resources;
			sourceTree = "<group>";
		};
		0000000000000000000010D3 /* SharedUI */ = {
			isa = PBXGroup;
			children = (
				000000000000000000001031 /* PhysiqueOSTheme.swift */,
				000000000000000000001033 /* IconBadge.swift */,
				000000000000000000001035 /* CardContainer.swift */,
				000000000000000000001037 /* SectionHeading.swift */,
				000000000000000000001039 /* StatusChip.swift */,
				00000000000000000000103B /* ConfidenceRing.swift */,
				00000000000000000000103D /* AnimatedProgressBar.swift */,
				00000000000000000000103F /* MetricRow.swift */,
				000000000000000000001041 /* Typography.swift */,
				000000000000000000001043 /* PlusJakartaSans.swift */,
				000000000000000000001045 /* PrimaryActionButton.swift */,
				000000000000000000001047 /* ScrollScreenLayout.swift */,
				000000000000000000001049 /* DateField.swift */,
				00000000000000000000104B /* TabPlaceholderView.swift */,
				00000000000000000000104D /* EvidenceAttachment.swift */,
				00000000000000000000104F /* EvidenceSourcePicker.swift */,
				000000000000000000001051 /* EvidenceStreamPresentation.swift */,
				000000000000000000001053 /* InteractivePopGesture.swift */,
			);
			path = SharedUI;
			sourceTree = "<group>";
		};
		0000000000000000000010D4 /* Supporting */ = {
			isa = PBXGroup;
			children = (
				0000000000000000000010B9 /* Info.plist */,
			);
			path = Supporting;
			sourceTree = "<group>";
		};
		0000000000000000000010D5 /* Evidence */ = {
			isa = PBXGroup;
			children = (
				000000000000000000001081 /* EvidenceView.swift */,
				000000000000000000001083 /* EvidenceViewModel.swift */,
				000000000000000000001085 /* EvidenceHeaderView.swift */,
				000000000000000000001087 /* EvidenceStreamRowView.swift */,
			);
			path = Evidence;
			sourceTree = "<group>";
		};
		0000000000000000000010D6 /* Goals */ = {
			isa = PBXGroup;
			children = (
				00000000000000000000107D /* GoalsPlaceholderView.swift */,
			);
			path = Goals;
			sourceTree = "<group>";
		};
		0000000000000000000010D7 /* Home */ = {
			isa = PBXGroup;
			children = (
				00000000000000000000105B /* HomeView.swift */,
				00000000000000000000105D /* HomeViewModel.swift */,
				00000000000000000000105F /* HomeHeaderView.swift */,
				000000000000000000001061 /* HomeHeroCardView.swift */,
				000000000000000000001063 /* ConfidenceDetailSheet.swift */,
				000000000000000000001065 /* NextBestActionView.swift */,
				000000000000000000001067 /* BriefingCardView.swift */,
				000000000000000000001069 /* GoalRowView.swift */,
				00000000000000000000106B /* FocusTileView.swift */,
				00000000000000000000106D /* TodaysFocusCardView.swift */,
			);
			path = Home;
			sourceTree = "<group>";
		};
		0000000000000000000010D8 /* Log */ = {
			isa = PBXGroup;
			children = (
				00000000000000000000106F /* LogView.swift */,
				000000000000000000001071 /* LogViewModel.swift */,
				000000000000000000001073 /* LogHeaderView.swift */,
				000000000000000000001075 /* LoggedTodayCardView.swift */,
				000000000000000000001077 /* TrainingLoggerCardView.swift */,
				000000000000000000001079 /* PendingEvidenceReviewsCardView.swift */,
				00000000000000000000107B /* UploadCardView.swift */,
			);
			path = Log;
			sourceTree = "<group>";
		};
		0000000000000000000010D9 /* Root */ = {
			isa = PBXGroup;
			children = (
				000000000000000000001055 /* RootTabView.swift */,
				000000000000000000001057 /* DestinationPlaceholderView.swift */,
				000000000000000000001059 /* AppDestinationRouterView.swift */,
			);
			path = Root;
			sourceTree = "<group>";
		};
		0000000000000000000010DA /* Training */ = {
			isa = PBXGroup;
			children = (
				000000000000000000001089 /* TrainingHistoryView.swift */,
				00000000000000000000108B /* TrainingHistoryViewModel.swift */,
				00000000000000000000108D /* TrainingDayView.swift */,
				00000000000000000000108F /* TrainingDayViewModel.swift */,
				000000000000000000001091 /* TrainingSessionDetailView.swift */,
				000000000000000000001093 /* TrainingSessionDetailViewModel.swift */,
				000000000000000000001095 /* TrainingAreaView.swift */,
				000000000000000000001097 /* TrainingAreaViewModel.swift */,
				000000000000000000001099 /* TrainingLibraryHeaderView.swift */,
				00000000000000000000109B /* TrainingExerciseDetailViewModel.swift */,
				00000000000000000000109D /* TrainingExerciseDetailView.swift */,
				00000000000000000000109F /* TrainingLibraryRootView.swift */,
				0000000000000000000010A1 /* TrainingLibraryRootViewModel.swift */,
				0000000000000000000010A3 /* TrainingReportingView.swift */,
				0000000000000000000010A5 /* TrainingReportingViewModel.swift */,
			);
			path = Training;
			sourceTree = "<group>";
		};
		0000000000000000000010DB /* TrainingLogger */ = {
			isa = PBXGroup;
			children = (
				0000000000000000000010A7 /* TrainingLoggerView.swift */,
				0000000000000000000010A9 /* TrainingLoggerViewModel.swift */,
			);
			path = TrainingLogger;
			sourceTree = "<group>";
		};
		0000000000000000000010DC /* You */ = {
			isa = PBXGroup;
			children = (
				00000000000000000000107F /* YouPlaceholderView.swift */,
			);
			path = You;
			sourceTree = "<group>";
		};
		0000000000000000000010DD /* Fonts */ = {
			isa = PBXGroup;
			children = (
				0000000000000000000010B5 /* PlusJakartaSans[wght].ttf */,
				0000000000000000000010B7 /* OFL.txt */,
			);
			path = Fonts;
			sourceTree = "<group>";
		};
		0000000000000000000010CD /* PhysiqueOSTests */ = {
			isa = PBXGroup;
			children = (
				0000000000000000000010BA /* AppTabTests.swift */,
				0000000000000000000010BC /* HomeReadModelTests.swift */,
				0000000000000000000010BE /* LogReadModelTests.swift */,
				0000000000000000000010C0 /* SharedUITests.swift */,
				0000000000000000000010C2 /* EvidenceReadModelTests.swift */,
				0000000000000000000010C4 /* EvidenceHubUsageTests.swift */,
				0000000000000000000010C6 /* TrainingReadModelTests.swift */,
				0000000000000000000010C8 /* TrainingLoggerTests.swift */,
			);
			path = PhysiqueOSTests;
			sourceTree = "<group>";
		};
		0000000000000000000010F7 /* PhysiqueOSUITests */ = {
			isa = PBXGroup;
			children = (
				0000000000000000000010F4 /* TrainingAcceptanceUITests.swift */,
			);
			path = PhysiqueOSUITests;
			sourceTree = "<group>";
		};
		0000000000000000000010CB /* Products */ = {
			isa = PBXGroup;
			children = (
				0000000000000000000010DE /* PhysiqueOS.app */,
				0000000000000000000010DF /* PhysiqueOSTests.xctest */,
				0000000000000000000010F6 /* PhysiqueOSUITests.xctest */,
			);
			name = Products;
			sourceTree = "<group>";
		};
		0000000000000000000010CA /* Main */ = {
			isa = PBXGroup;
			children = (
				0000000000000000000010CC /* PhysiqueOS */,
				0000000000000000000010CD /* PhysiqueOSTests */,
				0000000000000000000010F7 /* PhysiqueOSUITests */,
				0000000000000000000010CB /* Products */,
			);
			sourceTree = "<group>";
		};
/* End PBXGroup section */

/* Begin PBXNativeTarget section */
		0000000000000000000010E4 /* PhysiqueOS */ = {
			isa = PBXNativeTarget;
			buildConfigurationList = 0000000000000000000010E5 /* Build configuration list for PBXNativeTarget "PhysiqueOS" */;
			buildPhases = (
				0000000000000000000010E8 /* Sources */,
				0000000000000000000010E9 /* Frameworks */,
				0000000000000000000010EA /* Resources */,
			);
			buildRules = (
			);
			dependencies = (
			);
			name = PhysiqueOS;
			productName = PhysiqueOS;
			productReference = 0000000000000000000010DE /* PhysiqueOS.app */;
			productType = "com.apple.product-type.application";
		};
		0000000000000000000010EB /* PhysiqueOSTests */ = {
			isa = PBXNativeTarget;
			buildConfigurationList = 0000000000000000000010EC /* Build configuration list for PBXNativeTarget "PhysiqueOSTests" */;
			buildPhases = (
				0000000000000000000010EF /* Sources */,
				0000000000000000000010F0 /* Frameworks */,
				0000000000000000000010F1 /* Resources */,
			);
			buildRules = (
			);
			dependencies = (
				0000000000000000000010F2 /* PBXTargetDependency */,
			);
			name = PhysiqueOSTests;
			productName = PhysiqueOSTests;
			productReference = 0000000000000000000010DF /* PhysiqueOSTests.xctest */;
			productType = "com.apple.product-type.bundle.unit-test";
		};
		0000000000000000000010F8 /* PhysiqueOSUITests */ = {
			isa = PBXNativeTarget;
			buildConfigurationList = 0000000000000000000010F9 /* Build configuration list for PBXNativeTarget "PhysiqueOSUITests" */;
			buildPhases = (
				0000000000000000000010FC /* Sources */,
				0000000000000000000010FD /* Frameworks */,
				0000000000000000000010FE /* Resources */,
			);
			buildRules = (
			);
			dependencies = (
				0000000000000000000010FF /* PBXTargetDependency */,
			);
			name = PhysiqueOSUITests;
			productName = PhysiqueOSUITests;
			productReference = 0000000000000000000010F6 /* PhysiqueOSUITests.xctest */;
			productType = "com.apple.product-type.bundle.ui-testing";
		};
/* End PBXNativeTarget section */

/* Begin PBXProject section */
		0000000000000000000010E0 /* Project object */ = {
			isa = PBXProject;
			attributes = {
				BuildIndependentTargetsInParallel = 1;
				LastSwiftUpdateCheck = 1620;
				LastUpgradeCheck = 1620;
				TargetAttributes = {
					0000000000000000000010E4 = {
						CreatedOnToolsVersion = 26.0;
					};
					0000000000000000000010EB = {
						CreatedOnToolsVersion = 26.0;
						TestTargetID = 0000000000000000000010E4;
					};
					0000000000000000000010F8 = {
						CreatedOnToolsVersion = 26.0;
						TestTargetID = 0000000000000000000010E4;
					};
				};
			};
			buildConfigurationList = 0000000000000000000010E1 /* Build configuration list for PBXProject "PhysiqueOS" */;
			compatibilityVersion = "Xcode 14.0";
			developmentRegion = en;
			hasScannedForEncodings = 0;
			knownRegions = (
				en,
				Base,
			);
			mainGroup = 0000000000000000000010CA;
			productRefGroup = 0000000000000000000010CB /* Products */;
			projectDirPath = "";
			projectRoot = "";
			targets = (
				0000000000000000000010E4 /* PhysiqueOS */,
				0000000000000000000010EB /* PhysiqueOSTests */,
				0000000000000000000010F8 /* PhysiqueOSUITests */,
			);
		};
/* End PBXProject section */

/* Begin PBXResourcesBuildPhase section */
		0000000000000000000010EA /* Resources */ = {
			isa = PBXResourcesBuildPhase;
			buildActionMask = 2147483647;
			files = (
				0000000000000000000010AC /* HomeFixture.json in Resources */,
				0000000000000000000010AE /* LogFixture.json in Resources */,
				0000000000000000000010B0 /* EvidenceFixture.json in Resources */,
				0000000000000000000010B2 /* TrainingFixture.json in Resources */,
				0000000000000000000010B4 /* TrainingLoggerFixture.json in Resources */,
				0000000000000000000010B6 /* PlusJakartaSans[wght].ttf in Resources */,
				0000000000000000000010B8 /* OFL.txt in Resources */,
				000000000000000000001102 /* Assets.xcassets in Resources */,
			);
			runOnlyForDeploymentPostprocessing = 0;
		};
		0000000000000000000010F1 /* Resources */ = {
			isa = PBXResourcesBuildPhase;
			buildActionMask = 2147483647;
			files = (
			);
			runOnlyForDeploymentPostprocessing = 0;
		};
		0000000000000000000010FE /* Resources */ = {
			isa = PBXResourcesBuildPhase;
			buildActionMask = 2147483647;
			files = (
			);
			runOnlyForDeploymentPostprocessing = 0;
		};
/* End PBXResourcesBuildPhase section */

/* Begin PBXSourcesBuildPhase section */
		0000000000000000000010E8 /* Sources */ = {
			isa = PBXSourcesBuildPhase;
			buildActionMask = 2147483647;
			files = (
				000000000000000000001002 /* PhysiqueOSApp.swift in Sources */,
				000000000000000000001004 /* AppEnvironment.swift in Sources */,
				000000000000000000001006 /* AppTab.swift in Sources */,
				000000000000000000001008 /* AppDestination.swift in Sources */,
				00000000000000000000100A /* AppDestinationCoding.swift in Sources */,
				00000000000000000000100C /* HomeReadModel.swift in Sources */,
				00000000000000000000100E /* LogReadModel.swift in Sources */,
				000000000000000000001010 /* DirectWeighInValidation.swift in Sources */,
				000000000000000000001012 /* EvidenceDateParsing.swift in Sources */,
				000000000000000000001014 /* EvidenceReadModel.swift in Sources */,
				000000000000000000001016 /* EvidenceHubUsage.swift in Sources */,
				000000000000000000001018 /* TrainingReadModel.swift in Sources */,
				00000000000000000000101A /* TrainingSessionRenderItems.swift in Sources */,
				00000000000000000000101C /* TrainingSessionCorrectionValidation.swift in Sources */,
				00000000000000000000101E /* TrainingExerciseHistoryCalculator.swift in Sources */,
				000000000000000000001020 /* TrainingPerformanceRecordsCalculator.swift in Sources */,
				000000000000000000001022 /* TrainingReportingReadModel.swift in Sources */,
				000000000000000000001024 /* TrainingLoggerReadModel.swift in Sources */,
				000000000000000000001026 /* HomeAPI.swift in Sources */,
				000000000000000000001028 /* LogAPI.swift in Sources */,
				00000000000000000000102A /* EvidenceAPI.swift in Sources */,
				00000000000000000000102C /* TrainingAPI.swift in Sources */,
				00000000000000000000102E /* TrainingLoggerAPI.swift in Sources */,
				000000000000000000001030 /* TrainingLoggerDraftStore.swift in Sources */,
				000000000000000000001032 /* PhysiqueOSTheme.swift in Sources */,
				000000000000000000001034 /* IconBadge.swift in Sources */,
				000000000000000000001036 /* CardContainer.swift in Sources */,
				000000000000000000001038 /* SectionHeading.swift in Sources */,
				00000000000000000000103A /* StatusChip.swift in Sources */,
				00000000000000000000103C /* ConfidenceRing.swift in Sources */,
				00000000000000000000103E /* AnimatedProgressBar.swift in Sources */,
				000000000000000000001040 /* MetricRow.swift in Sources */,
				000000000000000000001042 /* Typography.swift in Sources */,
				000000000000000000001044 /* PlusJakartaSans.swift in Sources */,
				000000000000000000001046 /* PrimaryActionButton.swift in Sources */,
				000000000000000000001048 /* ScrollScreenLayout.swift in Sources */,
				00000000000000000000104A /* DateField.swift in Sources */,
				00000000000000000000104C /* TabPlaceholderView.swift in Sources */,
				00000000000000000000104E /* EvidenceAttachment.swift in Sources */,
				000000000000000000001050 /* EvidenceSourcePicker.swift in Sources */,
				000000000000000000001052 /* EvidenceStreamPresentation.swift in Sources */,
				000000000000000000001054 /* InteractivePopGesture.swift in Sources */,
				000000000000000000001056 /* RootTabView.swift in Sources */,
				000000000000000000001058 /* DestinationPlaceholderView.swift in Sources */,
				00000000000000000000105A /* AppDestinationRouterView.swift in Sources */,
				00000000000000000000105C /* HomeView.swift in Sources */,
				00000000000000000000105E /* HomeViewModel.swift in Sources */,
				000000000000000000001060 /* HomeHeaderView.swift in Sources */,
				000000000000000000001062 /* HomeHeroCardView.swift in Sources */,
				000000000000000000001064 /* ConfidenceDetailSheet.swift in Sources */,
				000000000000000000001066 /* NextBestActionView.swift in Sources */,
				000000000000000000001068 /* BriefingCardView.swift in Sources */,
				00000000000000000000106A /* GoalRowView.swift in Sources */,
				00000000000000000000106C /* FocusTileView.swift in Sources */,
				00000000000000000000106E /* TodaysFocusCardView.swift in Sources */,
				000000000000000000001070 /* LogView.swift in Sources */,
				000000000000000000001072 /* LogViewModel.swift in Sources */,
				000000000000000000001074 /* LogHeaderView.swift in Sources */,
				000000000000000000001076 /* LoggedTodayCardView.swift in Sources */,
				000000000000000000001078 /* TrainingLoggerCardView.swift in Sources */,
				00000000000000000000107A /* PendingEvidenceReviewsCardView.swift in Sources */,
				00000000000000000000107C /* UploadCardView.swift in Sources */,
				00000000000000000000107E /* GoalsPlaceholderView.swift in Sources */,
				000000000000000000001080 /* YouPlaceholderView.swift in Sources */,
				000000000000000000001082 /* EvidenceView.swift in Sources */,
				000000000000000000001084 /* EvidenceViewModel.swift in Sources */,
				000000000000000000001086 /* EvidenceHeaderView.swift in Sources */,
				000000000000000000001088 /* EvidenceStreamRowView.swift in Sources */,
				00000000000000000000108A /* TrainingHistoryView.swift in Sources */,
				00000000000000000000108C /* TrainingHistoryViewModel.swift in Sources */,
				00000000000000000000108E /* TrainingDayView.swift in Sources */,
				000000000000000000001090 /* TrainingDayViewModel.swift in Sources */,
				000000000000000000001092 /* TrainingSessionDetailView.swift in Sources */,
				000000000000000000001094 /* TrainingSessionDetailViewModel.swift in Sources */,
				000000000000000000001096 /* TrainingAreaView.swift in Sources */,
				000000000000000000001098 /* TrainingAreaViewModel.swift in Sources */,
				00000000000000000000109A /* TrainingLibraryHeaderView.swift in Sources */,
				00000000000000000000109C /* TrainingExerciseDetailViewModel.swift in Sources */,
				00000000000000000000109E /* TrainingExerciseDetailView.swift in Sources */,
				0000000000000000000010A0 /* TrainingLibraryRootView.swift in Sources */,
				0000000000000000000010A2 /* TrainingLibraryRootViewModel.swift in Sources */,
				0000000000000000000010A4 /* TrainingReportingView.swift in Sources */,
				0000000000000000000010A6 /* TrainingReportingViewModel.swift in Sources */,
				0000000000000000000010A8 /* TrainingLoggerView.swift in Sources */,
				0000000000000000000010AA /* TrainingLoggerViewModel.swift in Sources */,
			);
			runOnlyForDeploymentPostprocessing = 0;
		};
		0000000000000000000010EF /* Sources */ = {
			isa = PBXSourcesBuildPhase;
			buildActionMask = 2147483647;
			files = (
				0000000000000000000010BB /* AppTabTests.swift in Sources */,
				0000000000000000000010BD /* HomeReadModelTests.swift in Sources */,
				0000000000000000000010BF /* LogReadModelTests.swift in Sources */,
				0000000000000000000010C1 /* SharedUITests.swift in Sources */,
				0000000000000000000010C3 /* EvidenceReadModelTests.swift in Sources */,
				0000000000000000000010C5 /* EvidenceHubUsageTests.swift in Sources */,
				0000000000000000000010C7 /* TrainingReadModelTests.swift in Sources */,
				0000000000000000000010C9 /* TrainingLoggerTests.swift in Sources */,
			);
			runOnlyForDeploymentPostprocessing = 0;
		};
		0000000000000000000010FC /* Sources */ = {
			isa = PBXSourcesBuildPhase;
			buildActionMask = 2147483647;
			files = (
				0000000000000000000010F5 /* TrainingAcceptanceUITests.swift in Sources */,
			);
			runOnlyForDeploymentPostprocessing = 0;
		};
/* End PBXSourcesBuildPhase section */

/* Begin PBXTargetDependency section */
		0000000000000000000010F2 /* PBXTargetDependency */ = {
			isa = PBXTargetDependency;
			target = 0000000000000000000010E4 /* PhysiqueOS */;
			targetProxy = 0000000000000000000010F3 /* PBXContainerItemProxy */;
		};
		0000000000000000000010FF /* PBXTargetDependency */ = {
			isa = PBXTargetDependency;
			target = 0000000000000000000010E4 /* PhysiqueOS */;
			targetProxy = 000000000000000000001100 /* PBXContainerItemProxy */;
		};
/* End PBXTargetDependency section */

/* Begin XCBuildConfiguration section */
		0000000000000000000010E2 /* Debug */ = {
			isa = XCBuildConfiguration;
			buildSettings = {
				ALWAYS_SEARCH_USER_PATHS = NO;
				CLANG_ANALYZER_NONNULL = YES;
				CLANG_ANALYZER_NUMBER_OBJECT_CONVERSION = YES_AGGRESSIVE;
				CLANG_CXX_LANGUAGE_STANDARD = "gnu++20";
				CLANG_ENABLE_MODULES = YES;
				CLANG_ENABLE_OBJC_ARC = YES;
				CLANG_ENABLE_OBJC_WEAK = YES;
				CLANG_WARN_BLOCK_CAPTURE_AUTORELEASING = YES;
				CLANG_WARN_BOOL_CONVERSION = YES;
				CLANG_WARN_COMMA = YES;
				CLANG_WARN_CONSTANT_CONVERSION = YES;
				CLANG_WARN_DEPRECATED_OBJC_IMPLEMENTATIONS = YES;
				CLANG_WARN_DIRECT_OBJC_ISA_USAGE = YES_ERROR;
				CLANG_WARN_DOCUMENTATION_COMMENTS = YES;
				CLANG_WARN_EMPTY_BODY = YES;
				CLANG_WARN_ENUM_CONVERSION = YES;
				CLANG_WARN_INFINITE_RECURSION = YES;
				CLANG_WARN_INT_CONVERSION = YES;
				CLANG_WARN_NON_LITERAL_NULL_CONVERSION = YES;
				CLANG_WARN_OBJC_IMPLICIT_RETAIN_SELF = YES;
				CLANG_WARN_OBJC_LITERAL_CONVERSION = YES;
				CLANG_WARN_OBJC_ROOT_CLASS = YES_ERROR;
				CLANG_WARN_QUOTED_INCLUDE_IN_FRAMEWORK_HEADER = YES;
				CLANG_WARN_RANGE_LOOP_ANALYSIS = YES;
				CLANG_WARN_STRICT_PROTOTYPES = YES;
				CLANG_WARN_SUSPICIOUS_MOVE = YES;
				CLANG_WARN_UNGUARDED_AVAILABILITY = YES_AGGRESSIVE;
				CLANG_WARN_UNREACHABLE_CODE = YES;
				CLANG_WARN__DUPLICATE_METHOD_MATCH = YES;
				COPY_PHASE_STRIP = NO;
				ENABLE_STRICT_OBJC_MSGSEND = YES;
				GCC_C_LANGUAGE_STANDARD = gnu17;
				GCC_NO_COMMON_BLOCKS = YES;
				GCC_WARN_64_TO_32_BIT_CONVERSION = YES;
				GCC_WARN_ABOUT_RETURN_TYPE = YES_ERROR;
				GCC_WARN_UNDECLARED_SELECTOR = YES;
				GCC_WARN_UNINITIALIZED_AUTOS = YES_AGGRESSIVE;
				GCC_WARN_UNUSED_FUNCTION = YES;
				GCC_WARN_UNUSED_VARIABLE = YES;
				IPHONEOS_DEPLOYMENT_TARGET = 18.0;
				MTL_ENABLE_DEBUG_INFO = INCLUDE_SOURCE;
				MTL_FAST_MATH = YES;
				SDKROOT = iphoneos;
				SWIFT_VERSION = 6.0;
				DEBUG_INFORMATION_FORMAT = dwarf;
				ENABLE_TESTABILITY = YES;
				GCC_DYNAMIC_NO_PIC = NO;
				GCC_OPTIMIZATION_LEVEL = 0;
				GCC_PREPROCESSOR_DEFINITIONS = (
					"DEBUG=1",
					"$(inherited)",
				);
				ONLY_ACTIVE_ARCH = YES;
				SWIFT_ACTIVE_COMPILATION_CONDITIONS = "DEBUG $(inherited)";
				SWIFT_OPTIMIZATION_LEVEL = "-Onone";
			};
			name = Debug;
		};
		0000000000000000000010E3 /* Release */ = {
			isa = XCBuildConfiguration;
			buildSettings = {
				ALWAYS_SEARCH_USER_PATHS = NO;
				CLANG_ANALYZER_NONNULL = YES;
				CLANG_ANALYZER_NUMBER_OBJECT_CONVERSION = YES_AGGRESSIVE;
				CLANG_CXX_LANGUAGE_STANDARD = "gnu++20";
				CLANG_ENABLE_MODULES = YES;
				CLANG_ENABLE_OBJC_ARC = YES;
				CLANG_ENABLE_OBJC_WEAK = YES;
				CLANG_WARN_BLOCK_CAPTURE_AUTORELEASING = YES;
				CLANG_WARN_BOOL_CONVERSION = YES;
				CLANG_WARN_COMMA = YES;
				CLANG_WARN_CONSTANT_CONVERSION = YES;
				CLANG_WARN_DEPRECATED_OBJC_IMPLEMENTATIONS = YES;
				CLANG_WARN_DIRECT_OBJC_ISA_USAGE = YES_ERROR;
				CLANG_WARN_DOCUMENTATION_COMMENTS = YES;
				CLANG_WARN_EMPTY_BODY = YES;
				CLANG_WARN_ENUM_CONVERSION = YES;
				CLANG_WARN_INFINITE_RECURSION = YES;
				CLANG_WARN_INT_CONVERSION = YES;
				CLANG_WARN_NON_LITERAL_NULL_CONVERSION = YES;
				CLANG_WARN_OBJC_IMPLICIT_RETAIN_SELF = YES;
				CLANG_WARN_OBJC_LITERAL_CONVERSION = YES;
				CLANG_WARN_OBJC_ROOT_CLASS = YES_ERROR;
				CLANG_WARN_QUOTED_INCLUDE_IN_FRAMEWORK_HEADER = YES;
				CLANG_WARN_RANGE_LOOP_ANALYSIS = YES;
				CLANG_WARN_STRICT_PROTOTYPES = YES;
				CLANG_WARN_SUSPICIOUS_MOVE = YES;
				CLANG_WARN_UNGUARDED_AVAILABILITY = YES_AGGRESSIVE;
				CLANG_WARN_UNREACHABLE_CODE = YES;
				CLANG_WARN__DUPLICATE_METHOD_MATCH = YES;
				COPY_PHASE_STRIP = NO;
				ENABLE_STRICT_OBJC_MSGSEND = YES;
				GCC_C_LANGUAGE_STANDARD = gnu17;
				GCC_NO_COMMON_BLOCKS = YES;
				GCC_WARN_64_TO_32_BIT_CONVERSION = YES;
				GCC_WARN_ABOUT_RETURN_TYPE = YES_ERROR;
				GCC_WARN_UNDECLARED_SELECTOR = YES;
				GCC_WARN_UNINITIALIZED_AUTOS = YES_AGGRESSIVE;
				GCC_WARN_UNUSED_FUNCTION = YES;
				GCC_WARN_UNUSED_VARIABLE = YES;
				IPHONEOS_DEPLOYMENT_TARGET = 18.0;
				MTL_ENABLE_DEBUG_INFO = INCLUDE_SOURCE;
				MTL_FAST_MATH = YES;
				SDKROOT = iphoneos;
				SWIFT_VERSION = 6.0;
				DEBUG_INFORMATION_FORMAT = "dwarf-with-dsym";
				ENABLE_NS_ASSERTIONS = NO;
				MTL_ENABLE_DEBUG_INFO = NO;
				SWIFT_COMPILATION_MODE = wholemodule;
				VALIDATE_PRODUCT = YES;
			};
			name = Release;
		};
		0000000000000000000010E6 /* Debug */ = {
			isa = XCBuildConfiguration;
			buildSettings = {
				ASSETCATALOG_COMPILER_APPICON_NAME = AppIcon;
				ASSETCATALOG_COMPILER_GENERATE_SWIFT_ASSET_SYMBOL_EXTENSIONS = YES;
				CODE_SIGN_STYLE = Automatic;
				CURRENT_PROJECT_VERSION = 2;
				DEVELOPMENT_TEAM = 33GMTRM6G9;
				GENERATE_INFOPLIST_FILE = YES;
				INFOPLIST_FILE = "PhysiqueOS/Supporting/Info.plist";
				INFOPLIST_KEY_UIApplicationSceneManifest_Generation = YES;
				INFOPLIST_KEY_UIApplicationSupportsIndirectInputEvents = YES;
				INFOPLIST_KEY_UILaunchScreen_Generation = YES;
				INFOPLIST_KEY_UISupportedInterfaceOrientations_iPhone = "UIInterfaceOrientationPortrait UIInterfaceOrientationLandscapeLeft UIInterfaceOrientationLandscapeRight";
				INFOPLIST_KEY_UISupportedInterfaceOrientations_iPad = "UIInterfaceOrientationPortrait UIInterfaceOrientationPortraitUpsideDown UIInterfaceOrientationLandscapeLeft UIInterfaceOrientationLandscapeRight";
				LD_RUNPATH_SEARCH_PATHS = (
					"$(inherited)",
					"@executable_path/Frameworks",
				);
				MARKETING_VERSION = 1.0;
				PRODUCT_BUNDLE_IDENTIFIER = com.physiqueos.native.dev;
				PRODUCT_NAME = "$(TARGET_NAME)";
				SWIFT_EMIT_LOC_STRINGS = YES;
				TARGETED_DEVICE_FAMILY = "1,2";
			};
			name = Debug;
		};
		0000000000000000000010E7 /* Release */ = {
			isa = XCBuildConfiguration;
			buildSettings = {
				ASSETCATALOG_COMPILER_APPICON_NAME = AppIcon;
				ASSETCATALOG_COMPILER_GENERATE_SWIFT_ASSET_SYMBOL_EXTENSIONS = YES;
				CODE_SIGN_STYLE = Automatic;
				CURRENT_PROJECT_VERSION = 2;
				DEVELOPMENT_TEAM = 33GMTRM6G9;
				GENERATE_INFOPLIST_FILE = YES;
				INFOPLIST_FILE = "PhysiqueOS/Supporting/Info.plist";
				INFOPLIST_KEY_UIApplicationSceneManifest_Generation = YES;
				INFOPLIST_KEY_UIApplicationSupportsIndirectInputEvents = YES;
				INFOPLIST_KEY_UILaunchScreen_Generation = YES;
				INFOPLIST_KEY_UISupportedInterfaceOrientations_iPhone = "UIInterfaceOrientationPortrait UIInterfaceOrientationLandscapeLeft UIInterfaceOrientationLandscapeRight";
				INFOPLIST_KEY_UISupportedInterfaceOrientations_iPad = "UIInterfaceOrientationPortrait UIInterfaceOrientationPortraitUpsideDown UIInterfaceOrientationLandscapeLeft UIInterfaceOrientationLandscapeRight";
				LD_RUNPATH_SEARCH_PATHS = (
					"$(inherited)",
					"@executable_path/Frameworks",
				);
				MARKETING_VERSION = 1.0;
				PRODUCT_BUNDLE_IDENTIFIER = com.physiqueos.native.dev;
				PRODUCT_NAME = "$(TARGET_NAME)";
				SWIFT_EMIT_LOC_STRINGS = YES;
				TARGETED_DEVICE_FAMILY = "1,2";
			};
			name = Release;
		};
		0000000000000000000010ED /* Debug */ = {
			isa = XCBuildConfiguration;
			buildSettings = {
				BUNDLE_LOADER = "$(TEST_HOST)";
				CODE_SIGN_STYLE = Automatic;
				CURRENT_PROJECT_VERSION = 1;
				DEVELOPMENT_TEAM = 33GMTRM6G9;
				GENERATE_INFOPLIST_FILE = YES;
				MARKETING_VERSION = 1.0;
				PRODUCT_BUNDLE_IDENTIFIER = com.physiqueos.native.dev.Tests;
				PRODUCT_NAME = "$(TARGET_NAME)";
				SWIFT_EMIT_LOC_STRINGS = NO;
				TARGETED_DEVICE_FAMILY = "1,2";
				TEST_HOST = "$(BUILT_PRODUCTS_DIR)/PhysiqueOS.app/PhysiqueOS";
			};
			name = Debug;
		};
		0000000000000000000010EE /* Release */ = {
			isa = XCBuildConfiguration;
			buildSettings = {
				BUNDLE_LOADER = "$(TEST_HOST)";
				CODE_SIGN_STYLE = Automatic;
				CURRENT_PROJECT_VERSION = 1;
				DEVELOPMENT_TEAM = 33GMTRM6G9;
				GENERATE_INFOPLIST_FILE = YES;
				MARKETING_VERSION = 1.0;
				PRODUCT_BUNDLE_IDENTIFIER = com.physiqueos.native.dev.Tests;
				PRODUCT_NAME = "$(TARGET_NAME)";
				SWIFT_EMIT_LOC_STRINGS = NO;
				TARGETED_DEVICE_FAMILY = "1,2";
				TEST_HOST = "$(BUILT_PRODUCTS_DIR)/PhysiqueOS.app/PhysiqueOS";
			};
			name = Release;
		};
		0000000000000000000010FA /* Debug */ = {
			isa = XCBuildConfiguration;
			buildSettings = {
				CODE_SIGN_STYLE = Automatic;
				CURRENT_PROJECT_VERSION = 1;
				DEVELOPMENT_TEAM = 33GMTRM6G9;
				GENERATE_INFOPLIST_FILE = YES;
				MARKETING_VERSION = 1.0;
				PRODUCT_BUNDLE_IDENTIFIER = com.physiqueos.native.dev.UITests;
				PRODUCT_NAME = "$(TARGET_NAME)";
				SWIFT_EMIT_LOC_STRINGS = NO;
				TARGETED_DEVICE_FAMILY = "1,2";
				TEST_TARGET_NAME = PhysiqueOS;
			};
			name = Debug;
		};
		0000000000000000000010FB /* Release */ = {
			isa = XCBuildConfiguration;
			buildSettings = {
				CODE_SIGN_STYLE = Automatic;
				CURRENT_PROJECT_VERSION = 1;
				DEVELOPMENT_TEAM = 33GMTRM6G9;
				GENERATE_INFOPLIST_FILE = YES;
				MARKETING_VERSION = 1.0;
				PRODUCT_BUNDLE_IDENTIFIER = com.physiqueos.native.dev.UITests;
				PRODUCT_NAME = "$(TARGET_NAME)";
				SWIFT_EMIT_LOC_STRINGS = NO;
				TARGETED_DEVICE_FAMILY = "1,2";
				TEST_TARGET_NAME = PhysiqueOS;
			};
			name = Release;
		};
/* End XCBuildConfiguration section */

/* Begin XCConfigurationList section */
		0000000000000000000010E1 /* Build configuration list for PBXProject "PhysiqueOS" */ = {
			isa = XCConfigurationList;
			buildConfigurations = (
				0000000000000000000010E2 /* Debug */,
				0000000000000000000010E3 /* Release */,
			);
			defaultConfigurationIsVisible = 0;
			defaultConfigurationName = Release;
		};
		0000000000000000000010E5 /* Build configuration list for PBXNativeTarget "PhysiqueOS" */ = {
			isa = XCConfigurationList;
			buildConfigurations = (
				0000000000000000000010E6 /* Debug */,
				0000000000000000000010E7 /* Release */,
			);
			defaultConfigurationIsVisible = 0;
			defaultConfigurationName = Release;
		};
		0000000000000000000010EC /* Build configuration list for PBXNativeTarget "PhysiqueOSTests" */ = {
			isa = XCConfigurationList;
			buildConfigurations = (
				0000000000000000000010ED /* Debug */,
				0000000000000000000010EE /* Release */,
			);
			defaultConfigurationIsVisible = 0;
			defaultConfigurationName = Release;
		};
		0000000000000000000010F9 /* Build configuration list for PBXNativeTarget "PhysiqueOSUITests" */ = {
			isa = XCConfigurationList;
			buildConfigurations = (
				0000000000000000000010FA /* Debug */,
				0000000000000000000010FB /* Release */,
			);
			defaultConfigurationIsVisible = 0;
			defaultConfigurationName = Release;
		};
/* End XCConfigurationList section */
	};
	rootObject = 0000000000000000000010E0 /* Project object */;
}
