// !$*UTF8*$!
{
	archiveVersion = 1;
	classes = {
	};
	objectVersion = 56;
	objects = {

/* Begin PBXBuildFile section */
		000000000000000000001002 /* PhysiqueOSApp.swift in Sources */ = {isa = PBXBuildFile; fileRef = 000000000000000000001001 /* PhysiqueOSApp.swift */; };
		000000000000000000001004 /* AppEnvironment.swift in Sources */ = {isa = PBXBuildFile; fileRef = 000000000000000000001003 /* AppEnvironment.swift */; };
		000000000000000000001006 /* AppTab.swift in Sources */ = {isa = PBXBuildFile; fileRef = 000000000000000000001005 /* AppTab.swift */; };
		000000000000000000001008 /* AppDestination.swift in Sources */ = {isa = PBXBuildFile; fileRef = 000000000000000000001007 /* AppDestination.swift */; };
		00000000000000000000100A /* AppDestinationCoding.swift in Sources */ = {isa = PBXBuildFile; fileRef = 000000000000000000001009 /* AppDestinationCoding.swift */; };
		00000000000000000000100C /* HomeReadModel.swift in Sources */ = {isa = PBXBuildFile; fileRef = 00000000000000000000100B /* HomeReadModel.swift */; };
		00000000000000000000100E /* LogReadModel.swift in Sources */ = {isa = PBXBuildFile; fileRef = 00000000000000000000100D /* LogReadModel.swift */; };
		000000000000000000001010 /* DirectWeighInValidation.swift in Sources */ = {isa = PBXBuildFile; fileRef = 00000000000000000000100F /* DirectWeighInValidation.swift */; };
		000000000000000000001012 /* HomeAPI.swift in Sources */ = {isa = PBXBuildFile; fileRef = 000000000000000000001011 /* HomeAPI.swift */; };
		000000000000000000001014 /* LogAPI.swift in Sources */ = {isa = PBXBuildFile; fileRef = 000000000000000000001013 /* LogAPI.swift */; };
		000000000000000000001016 /* PhysiqueOSTheme.swift in Sources */ = {isa = PBXBuildFile; fileRef = 000000000000000000001015 /* PhysiqueOSTheme.swift */; };
		000000000000000000001018 /* IconBadge.swift in Sources */ = {isa = PBXBuildFile; fileRef = 000000000000000000001017 /* IconBadge.swift */; };
		00000000000000000000101A /* CardContainer.swift in Sources */ = {isa = PBXBuildFile; fileRef = 000000000000000000001019 /* CardContainer.swift */; };
		00000000000000000000101C /* SectionHeading.swift in Sources */ = {isa = PBXBuildFile; fileRef = 00000000000000000000101B /* SectionHeading.swift */; };
		00000000000000000000101E /* StatusChip.swift in Sources */ = {isa = PBXBuildFile; fileRef = 00000000000000000000101D /* StatusChip.swift */; };
		000000000000000000001020 /* ConfidenceRing.swift in Sources */ = {isa = PBXBuildFile; fileRef = 00000000000000000000101F /* ConfidenceRing.swift */; };
		000000000000000000001022 /* AnimatedProgressBar.swift in Sources */ = {isa = PBXBuildFile; fileRef = 000000000000000000001021 /* AnimatedProgressBar.swift */; };
		000000000000000000001024 /* MetricRow.swift in Sources */ = {isa = PBXBuildFile; fileRef = 000000000000000000001023 /* MetricRow.swift */; };
		000000000000000000001026 /* Typography.swift in Sources */ = {isa = PBXBuildFile; fileRef = 000000000000000000001025 /* Typography.swift */; };
		000000000000000000001028 /* TabPlaceholderView.swift in Sources */ = {isa = PBXBuildFile; fileRef = 000000000000000000001027 /* TabPlaceholderView.swift */; };
		00000000000000000000102A /* RootTabView.swift in Sources */ = {isa = PBXBuildFile; fileRef = 000000000000000000001029 /* RootTabView.swift */; };
		00000000000000000000102C /* DestinationPlaceholderView.swift in Sources */ = {isa = PBXBuildFile; fileRef = 00000000000000000000102B /* DestinationPlaceholderView.swift */; };
		00000000000000000000102E /* HomeView.swift in Sources */ = {isa = PBXBuildFile; fileRef = 00000000000000000000102D /* HomeView.swift */; };
		000000000000000000001030 /* HomeViewModel.swift in Sources */ = {isa = PBXBuildFile; fileRef = 00000000000000000000102F /* HomeViewModel.swift */; };
		000000000000000000001032 /* HomeHeaderView.swift in Sources */ = {isa = PBXBuildFile; fileRef = 000000000000000000001031 /* HomeHeaderView.swift */; };
		000000000000000000001034 /* HomeHeroCardView.swift in Sources */ = {isa = PBXBuildFile; fileRef = 000000000000000000001033 /* HomeHeroCardView.swift */; };
		000000000000000000001036 /* ConfidenceDetailSheet.swift in Sources */ = {isa = PBXBuildFile; fileRef = 000000000000000000001035 /* ConfidenceDetailSheet.swift */; };
		000000000000000000001038 /* NextBestActionView.swift in Sources */ = {isa = PBXBuildFile; fileRef = 000000000000000000001037 /* NextBestActionView.swift */; };
		00000000000000000000103A /* BriefingCardView.swift in Sources */ = {isa = PBXBuildFile; fileRef = 000000000000000000001039 /* BriefingCardView.swift */; };
		00000000000000000000103C /* GoalRowView.swift in Sources */ = {isa = PBXBuildFile; fileRef = 00000000000000000000103B /* GoalRowView.swift */; };
		00000000000000000000103E /* FocusTileView.swift in Sources */ = {isa = PBXBuildFile; fileRef = 00000000000000000000103D /* FocusTileView.swift */; };
		000000000000000000001040 /* TodaysFocusCardView.swift in Sources */ = {isa = PBXBuildFile; fileRef = 00000000000000000000103F /* TodaysFocusCardView.swift */; };
		000000000000000000001042 /* LogView.swift in Sources */ = {isa = PBXBuildFile; fileRef = 000000000000000000001041 /* LogView.swift */; };
		000000000000000000001044 /* LogViewModel.swift in Sources */ = {isa = PBXBuildFile; fileRef = 000000000000000000001043 /* LogViewModel.swift */; };
		000000000000000000001046 /* LogHeaderView.swift in Sources */ = {isa = PBXBuildFile; fileRef = 000000000000000000001045 /* LogHeaderView.swift */; };
		000000000000000000001048 /* LoggedTodayCardView.swift in Sources */ = {isa = PBXBuildFile; fileRef = 000000000000000000001047 /* LoggedTodayCardView.swift */; };
		00000000000000000000104A /* TrainingLoggerCardView.swift in Sources */ = {isa = PBXBuildFile; fileRef = 000000000000000000001049 /* TrainingLoggerCardView.swift */; };
		00000000000000000000104C /* PendingEvidenceReviewsCardView.swift in Sources */ = {isa = PBXBuildFile; fileRef = 00000000000000000000104B /* PendingEvidenceReviewsCardView.swift */; };
		00000000000000000000104E /* UploadCardView.swift in Sources */ = {isa = PBXBuildFile; fileRef = 00000000000000000000104D /* UploadCardView.swift */; };
		000000000000000000001050 /* ProgressPlaceholderView.swift in Sources */ = {isa = PBXBuildFile; fileRef = 00000000000000000000104F /* ProgressPlaceholderView.swift */; };
		000000000000000000001052 /* CoachPlaceholderView.swift in Sources */ = {isa = PBXBuildFile; fileRef = 000000000000000000001051 /* CoachPlaceholderView.swift */; };
		000000000000000000001054 /* ProfilePlaceholderView.swift in Sources */ = {isa = PBXBuildFile; fileRef = 000000000000000000001053 /* ProfilePlaceholderView.swift */; };
		000000000000000000001056 /* HomeFixture.json in Resources */ = {isa = PBXBuildFile; fileRef = 000000000000000000001055 /* HomeFixture.json */; };
		000000000000000000001058 /* LogFixture.json in Resources */ = {isa = PBXBuildFile; fileRef = 000000000000000000001057 /* LogFixture.json */; };
		00000000000000000000105A /* AppTabTests.swift in Sources */ = {isa = PBXBuildFile; fileRef = 000000000000000000001059 /* AppTabTests.swift */; };
		00000000000000000000105C /* HomeReadModelTests.swift in Sources */ = {isa = PBXBuildFile; fileRef = 00000000000000000000105B /* HomeReadModelTests.swift */; };
		00000000000000000000105E /* LogReadModelTests.swift in Sources */ = {isa = PBXBuildFile; fileRef = 00000000000000000000105D /* LogReadModelTests.swift */; };
/* End PBXBuildFile section */

/* Begin PBXContainerItemProxy section */
		000000000000000000001084 /* PBXContainerItemProxy */ = {
			isa = PBXContainerItemProxy;
			containerPortal = 000000000000000000001071 /* Project object */;
			proxyType = 1;
			remoteGlobalIDString = 000000000000000000001075;
			remoteInfo = PhysiqueOS;
		};
/* End PBXContainerItemProxy section */

/* Begin PBXFileReference section */
		000000000000000000001001 /* PhysiqueOSApp.swift */ = {isa = PBXFileReference; lastKnownFileType = sourcecode.swift; path = "PhysiqueOSApp.swift"; sourceTree = "<group>"; };
		000000000000000000001003 /* AppEnvironment.swift */ = {isa = PBXFileReference; lastKnownFileType = sourcecode.swift; path = "AppEnvironment.swift"; sourceTree = "<group>"; };
		000000000000000000001005 /* AppTab.swift */ = {isa = PBXFileReference; lastKnownFileType = sourcecode.swift; path = "AppTab.swift"; sourceTree = "<group>"; };
		000000000000000000001007 /* AppDestination.swift */ = {isa = PBXFileReference; lastKnownFileType = sourcecode.swift; path = "AppDestination.swift"; sourceTree = "<group>"; };
		000000000000000000001009 /* AppDestinationCoding.swift */ = {isa = PBXFileReference; lastKnownFileType = sourcecode.swift; path = "AppDestinationCoding.swift"; sourceTree = "<group>"; };
		00000000000000000000100B /* HomeReadModel.swift */ = {isa = PBXFileReference; lastKnownFileType = sourcecode.swift; path = "HomeReadModel.swift"; sourceTree = "<group>"; };
		00000000000000000000100D /* LogReadModel.swift */ = {isa = PBXFileReference; lastKnownFileType = sourcecode.swift; path = "LogReadModel.swift"; sourceTree = "<group>"; };
		00000000000000000000100F /* DirectWeighInValidation.swift */ = {isa = PBXFileReference; lastKnownFileType = sourcecode.swift; path = "DirectWeighInValidation.swift"; sourceTree = "<group>"; };
		000000000000000000001011 /* HomeAPI.swift */ = {isa = PBXFileReference; lastKnownFileType = sourcecode.swift; path = "HomeAPI.swift"; sourceTree = "<group>"; };
		000000000000000000001013 /* LogAPI.swift */ = {isa = PBXFileReference; lastKnownFileType = sourcecode.swift; path = "LogAPI.swift"; sourceTree = "<group>"; };
		000000000000000000001015 /* PhysiqueOSTheme.swift */ = {isa = PBXFileReference; lastKnownFileType = sourcecode.swift; path = "PhysiqueOSTheme.swift"; sourceTree = "<group>"; };
		000000000000000000001017 /* IconBadge.swift */ = {isa = PBXFileReference; lastKnownFileType = sourcecode.swift; path = "IconBadge.swift"; sourceTree = "<group>"; };
		000000000000000000001019 /* CardContainer.swift */ = {isa = PBXFileReference; lastKnownFileType = sourcecode.swift; path = "CardContainer.swift"; sourceTree = "<group>"; };
		00000000000000000000101B /* SectionHeading.swift */ = {isa = PBXFileReference; lastKnownFileType = sourcecode.swift; path = "SectionHeading.swift"; sourceTree = "<group>"; };
		00000000000000000000101D /* StatusChip.swift */ = {isa = PBXFileReference; lastKnownFileType = sourcecode.swift; path = "StatusChip.swift"; sourceTree = "<group>"; };
		00000000000000000000101F /* ConfidenceRing.swift */ = {isa = PBXFileReference; lastKnownFileType = sourcecode.swift; path = "ConfidenceRing.swift"; sourceTree = "<group>"; };
		000000000000000000001021 /* AnimatedProgressBar.swift */ = {isa = PBXFileReference; lastKnownFileType = sourcecode.swift; path = "AnimatedProgressBar.swift"; sourceTree = "<group>"; };
		000000000000000000001023 /* MetricRow.swift */ = {isa = PBXFileReference; lastKnownFileType = sourcecode.swift; path = "MetricRow.swift"; sourceTree = "<group>"; };
		000000000000000000001025 /* Typography.swift */ = {isa = PBXFileReference; lastKnownFileType = sourcecode.swift; path = "Typography.swift"; sourceTree = "<group>"; };
		000000000000000000001027 /* TabPlaceholderView.swift */ = {isa = PBXFileReference; lastKnownFileType = sourcecode.swift; path = "TabPlaceholderView.swift"; sourceTree = "<group>"; };
		000000000000000000001029 /* RootTabView.swift */ = {isa = PBXFileReference; lastKnownFileType = sourcecode.swift; path = "RootTabView.swift"; sourceTree = "<group>"; };
		00000000000000000000102B /* DestinationPlaceholderView.swift */ = {isa = PBXFileReference; lastKnownFileType = sourcecode.swift; path = "DestinationPlaceholderView.swift"; sourceTree = "<group>"; };
		00000000000000000000102D /* HomeView.swift */ = {isa = PBXFileReference; lastKnownFileType = sourcecode.swift; path = "HomeView.swift"; sourceTree = "<group>"; };
		00000000000000000000102F /* HomeViewModel.swift */ = {isa = PBXFileReference; lastKnownFileType = sourcecode.swift; path = "HomeViewModel.swift"; sourceTree = "<group>"; };
		000000000000000000001031 /* HomeHeaderView.swift */ = {isa = PBXFileReference; lastKnownFileType = sourcecode.swift; path = "HomeHeaderView.swift"; sourceTree = "<group>"; };
		000000000000000000001033 /* HomeHeroCardView.swift */ = {isa = PBXFileReference; lastKnownFileType = sourcecode.swift; path = "HomeHeroCardView.swift"; sourceTree = "<group>"; };
		000000000000000000001035 /* ConfidenceDetailSheet.swift */ = {isa = PBXFileReference; lastKnownFileType = sourcecode.swift; path = "ConfidenceDetailSheet.swift"; sourceTree = "<group>"; };
		000000000000000000001037 /* NextBestActionView.swift */ = {isa = PBXFileReference; lastKnownFileType = sourcecode.swift; path = "NextBestActionView.swift"; sourceTree = "<group>"; };
		000000000000000000001039 /* BriefingCardView.swift */ = {isa = PBXFileReference; lastKnownFileType = sourcecode.swift; path = "BriefingCardView.swift"; sourceTree = "<group>"; };
		00000000000000000000103B /* GoalRowView.swift */ = {isa = PBXFileReference; lastKnownFileType = sourcecode.swift; path = "GoalRowView.swift"; sourceTree = "<group>"; };
		00000000000000000000103D /* FocusTileView.swift */ = {isa = PBXFileReference; lastKnownFileType = sourcecode.swift; path = "FocusTileView.swift"; sourceTree = "<group>"; };
		00000000000000000000103F /* TodaysFocusCardView.swift */ = {isa = PBXFileReference; lastKnownFileType = sourcecode.swift; path = "TodaysFocusCardView.swift"; sourceTree = "<group>"; };
		000000000000000000001041 /* LogView.swift */ = {isa = PBXFileReference; lastKnownFileType = sourcecode.swift; path = "LogView.swift"; sourceTree = "<group>"; };
		000000000000000000001043 /* LogViewModel.swift */ = {isa = PBXFileReference; lastKnownFileType = sourcecode.swift; path = "LogViewModel.swift"; sourceTree = "<group>"; };
		000000000000000000001045 /* LogHeaderView.swift */ = {isa = PBXFileReference; lastKnownFileType = sourcecode.swift; path = "LogHeaderView.swift"; sourceTree = "<group>"; };
		000000000000000000001047 /* LoggedTodayCardView.swift */ = {isa = PBXFileReference; lastKnownFileType = sourcecode.swift; path = "LoggedTodayCardView.swift"; sourceTree = "<group>"; };
		000000000000000000001049 /* TrainingLoggerCardView.swift */ = {isa = PBXFileReference; lastKnownFileType = sourcecode.swift; path = "TrainingLoggerCardView.swift"; sourceTree = "<group>"; };
		00000000000000000000104B /* PendingEvidenceReviewsCardView.swift */ = {isa = PBXFileReference; lastKnownFileType = sourcecode.swift; path = "PendingEvidenceReviewsCardView.swift"; sourceTree = "<group>"; };
		00000000000000000000104D /* UploadCardView.swift */ = {isa = PBXFileReference; lastKnownFileType = sourcecode.swift; path = "UploadCardView.swift"; sourceTree = "<group>"; };
		00000000000000000000104F /* ProgressPlaceholderView.swift */ = {isa = PBXFileReference; lastKnownFileType = sourcecode.swift; path = "ProgressPlaceholderView.swift"; sourceTree = "<group>"; };
		000000000000000000001051 /* CoachPlaceholderView.swift */ = {isa = PBXFileReference; lastKnownFileType = sourcecode.swift; path = "CoachPlaceholderView.swift"; sourceTree = "<group>"; };
		000000000000000000001053 /* ProfilePlaceholderView.swift */ = {isa = PBXFileReference; lastKnownFileType = sourcecode.swift; path = "ProfilePlaceholderView.swift"; sourceTree = "<group>"; };
		000000000000000000001055 /* HomeFixture.json */ = {isa = PBXFileReference; lastKnownFileType = text.json; path = "HomeFixture.json"; sourceTree = "<group>"; };
		000000000000000000001057 /* LogFixture.json */ = {isa = PBXFileReference; lastKnownFileType = text.json; path = "LogFixture.json"; sourceTree = "<group>"; };
		000000000000000000001059 /* AppTabTests.swift */ = {isa = PBXFileReference; lastKnownFileType = sourcecode.swift; path = "AppTabTests.swift"; sourceTree = "<group>"; };
		00000000000000000000105B /* HomeReadModelTests.swift */ = {isa = PBXFileReference; lastKnownFileType = sourcecode.swift; path = "HomeReadModelTests.swift"; sourceTree = "<group>"; };
		00000000000000000000105D /* LogReadModelTests.swift */ = {isa = PBXFileReference; lastKnownFileType = sourcecode.swift; path = "LogReadModelTests.swift"; sourceTree = "<group>"; };
		00000000000000000000106F /* PhysiqueOS.app */ = {isa = PBXFileReference; explicitFileType = wrapper.application; includeInIndex = 0; path = PhysiqueOS.app; sourceTree = BUILT_PRODUCTS_DIR; };
		000000000000000000001070 /* PhysiqueOSTests.xctest */ = {isa = PBXFileReference; explicitFileType = wrapper.cfbundle; includeInIndex = 0; path = PhysiqueOSTests.xctest; sourceTree = BUILT_PRODUCTS_DIR; };
/* End PBXFileReference section */

/* Begin PBXFrameworksBuildPhase section */
		00000000000000000000107A /* Frameworks */ = {
			isa = PBXFrameworksBuildPhase;
			buildActionMask = 2147483647;
			files = (
			);
			runOnlyForDeploymentPostprocessing = 0;
		};
		000000000000000000001081 /* Frameworks */ = {
			isa = PBXFrameworksBuildPhase;
			buildActionMask = 2147483647;
			files = (
			);
			runOnlyForDeploymentPostprocessing = 0;
		};
/* End PBXFrameworksBuildPhase section */

/* Begin PBXGroup section */
		000000000000000000001061 /* PhysiqueOS */ = {
			isa = PBXGroup;
			children = (
				000000000000000000001063 /* App */,
				000000000000000000001064 /* Contracts */,
				000000000000000000001065 /* Networking */,
				000000000000000000001068 /* SharedUI */,
				000000000000000000001066 /* Presentation */,
				000000000000000000001067 /* Resources */,
			);
			path = PhysiqueOS;
			sourceTree = "<group>";
		};
		000000000000000000001063 /* App */ = {
			isa = PBXGroup;
			children = (
				000000000000000000001001 /* PhysiqueOSApp.swift */,
				000000000000000000001003 /* AppEnvironment.swift */,
			);
			path = App;
			sourceTree = "<group>";
		};
		000000000000000000001064 /* Contracts */ = {
			isa = PBXGroup;
			children = (
				000000000000000000001005 /* AppTab.swift */,
				000000000000000000001007 /* AppDestination.swift */,
				000000000000000000001009 /* AppDestinationCoding.swift */,
				00000000000000000000100B /* HomeReadModel.swift */,
				00000000000000000000100D /* LogReadModel.swift */,
				00000000000000000000100F /* DirectWeighInValidation.swift */,
			);
			path = Contracts;
			sourceTree = "<group>";
		};
		000000000000000000001065 /* Networking */ = {
			isa = PBXGroup;
			children = (
				000000000000000000001011 /* HomeAPI.swift */,
				000000000000000000001013 /* LogAPI.swift */,
			);
			path = Networking;
			sourceTree = "<group>";
		};
		000000000000000000001066 /* Presentation */ = {
			isa = PBXGroup;
			children = (
				000000000000000000001069 /* Coach */,
				00000000000000000000106A /* Home */,
				00000000000000000000106B /* Log */,
				00000000000000000000106C /* Profile */,
				00000000000000000000106D /* Progress */,
				00000000000000000000106E /* Root */,
			);
			path = Presentation;
			sourceTree = "<group>";
		};
		000000000000000000001067 /* Resources */ = {
			isa = PBXGroup;
			children = (
				000000000000000000001055 /* HomeFixture.json */,
				000000000000000000001057 /* LogFixture.json */,
			);
			path = Resources;
			sourceTree = "<group>";
		};
		000000000000000000001068 /* SharedUI */ = {
			isa = PBXGroup;
			children = (
				000000000000000000001015 /* PhysiqueOSTheme.swift */,
				000000000000000000001017 /* IconBadge.swift */,
				000000000000000000001019 /* CardContainer.swift */,
				00000000000000000000101B /* SectionHeading.swift */,
				00000000000000000000101D /* StatusChip.swift */,
				00000000000000000000101F /* ConfidenceRing.swift */,
				000000000000000000001021 /* AnimatedProgressBar.swift */,
				000000000000000000001023 /* MetricRow.swift */,
				000000000000000000001025 /* Typography.swift */,
				000000000000000000001027 /* TabPlaceholderView.swift */,
			);
			path = SharedUI;
			sourceTree = "<group>";
		};
		000000000000000000001069 /* Coach */ = {
			isa = PBXGroup;
			children = (
				000000000000000000001051 /* CoachPlaceholderView.swift */,
			);
			path = Coach;
			sourceTree = "<group>";
		};
		00000000000000000000106A /* Home */ = {
			isa = PBXGroup;
			children = (
				00000000000000000000102D /* HomeView.swift */,
				00000000000000000000102F /* HomeViewModel.swift */,
				000000000000000000001031 /* HomeHeaderView.swift */,
				000000000000000000001033 /* HomeHeroCardView.swift */,
				000000000000000000001035 /* ConfidenceDetailSheet.swift */,
				000000000000000000001037 /* NextBestActionView.swift */,
				000000000000000000001039 /* BriefingCardView.swift */,
				00000000000000000000103B /* GoalRowView.swift */,
				00000000000000000000103D /* FocusTileView.swift */,
				00000000000000000000103F /* TodaysFocusCardView.swift */,
			);
			path = Home;
			sourceTree = "<group>";
		};
		00000000000000000000106B /* Log */ = {
			isa = PBXGroup;
			children = (
				000000000000000000001041 /* LogView.swift */,
				000000000000000000001043 /* LogViewModel.swift */,
				000000000000000000001045 /* LogHeaderView.swift */,
				000000000000000000001047 /* LoggedTodayCardView.swift */,
				000000000000000000001049 /* TrainingLoggerCardView.swift */,
				00000000000000000000104B /* PendingEvidenceReviewsCardView.swift */,
				00000000000000000000104D /* UploadCardView.swift */,
			);
			path = Log;
			sourceTree = "<group>";
		};
		00000000000000000000106C /* Profile */ = {
			isa = PBXGroup;
			children = (
				000000000000000000001053 /* ProfilePlaceholderView.swift */,
			);
			path = Profile;
			sourceTree = "<group>";
		};
		00000000000000000000106D /* Progress */ = {
			isa = PBXGroup;
			children = (
				00000000000000000000104F /* ProgressPlaceholderView.swift */,
			);
			path = Progress;
			sourceTree = "<group>";
		};
		00000000000000000000106E /* Root */ = {
			isa = PBXGroup;
			children = (
				000000000000000000001029 /* RootTabView.swift */,
				00000000000000000000102B /* DestinationPlaceholderView.swift */,
			);
			path = Root;
			sourceTree = "<group>";
		};
		000000000000000000001062 /* PhysiqueOSTests */ = {
			isa = PBXGroup;
			children = (
				000000000000000000001059 /* AppTabTests.swift */,
				00000000000000000000105B /* HomeReadModelTests.swift */,
				00000000000000000000105D /* LogReadModelTests.swift */,
			);
			path = PhysiqueOSTests;
			sourceTree = "<group>";
		};
		000000000000000000001060 /* Products */ = {
			isa = PBXGroup;
			children = (
				00000000000000000000106F /* PhysiqueOS.app */,
				000000000000000000001070 /* PhysiqueOSTests.xctest */,
			);
			name = Products;
			sourceTree = "<group>";
		};
		00000000000000000000105F /* Main */ = {
			isa = PBXGroup;
			children = (
				000000000000000000001061 /* PhysiqueOS */,
				000000000000000000001062 /* PhysiqueOSTests */,
				000000000000000000001060 /* Products */,
			);
			sourceTree = "<group>";
		};
/* End PBXGroup section */

/* Begin PBXNativeTarget section */
		000000000000000000001075 /* PhysiqueOS */ = {
			isa = PBXNativeTarget;
			buildConfigurationList = 000000000000000000001076 /* Build configuration list for PBXNativeTarget "PhysiqueOS" */;
			buildPhases = (
				000000000000000000001079 /* Sources */,
				00000000000000000000107A /* Frameworks */,
				00000000000000000000107B /* Resources */,
			);
			buildRules = (
			);
			dependencies = (
			);
			name = PhysiqueOS;
			productName = PhysiqueOS;
			productReference = 00000000000000000000106F /* PhysiqueOS.app */;
			productType = "com.apple.product-type.application";
		};
		00000000000000000000107C /* PhysiqueOSTests */ = {
			isa = PBXNativeTarget;
			buildConfigurationList = 00000000000000000000107D /* Build configuration list for PBXNativeTarget "PhysiqueOSTests" */;
			buildPhases = (
				000000000000000000001080 /* Sources */,
				000000000000000000001081 /* Frameworks */,
				000000000000000000001082 /* Resources */,
			);
			buildRules = (
			);
			dependencies = (
				000000000000000000001083 /* PBXTargetDependency */,
			);
			name = PhysiqueOSTests;
			productName = PhysiqueOSTests;
			productReference = 000000000000000000001070 /* PhysiqueOSTests.xctest */;
			productType = "com.apple.product-type.bundle.unit-test";
		};
/* End PBXNativeTarget section */

/* Begin PBXProject section */
		000000000000000000001071 /* Project object */ = {
			isa = PBXProject;
			attributes = {
				BuildIndependentTargetsInParallel = 1;
				LastSwiftUpdateCheck = 1620;
				LastUpgradeCheck = 1620;
				TargetAttributes = {
					000000000000000000001075 = {
						CreatedOnToolsVersion = 26.0;
					};
					00000000000000000000107C = {
						CreatedOnToolsVersion = 26.0;
						TestTargetID = 000000000000000000001075;
					};
				};
			};
			buildConfigurationList = 000000000000000000001072 /* Build configuration list for PBXProject "PhysiqueOS" */;
			compatibilityVersion = "Xcode 14.0";
			developmentRegion = en;
			hasScannedForEncodings = 0;
			knownRegions = (
				en,
				Base,
			);
			mainGroup = 00000000000000000000105F;
			productRefGroup = 000000000000000000001060 /* Products */;
			projectDirPath = "";
			projectRoot = "";
			targets = (
				000000000000000000001075 /* PhysiqueOS */,
				00000000000000000000107C /* PhysiqueOSTests */,
			);
		};
/* End PBXProject section */

/* Begin PBXResourcesBuildPhase section */
		00000000000000000000107B /* Resources */ = {
			isa = PBXResourcesBuildPhase;
			buildActionMask = 2147483647;
			files = (
				000000000000000000001056 /* HomeFixture.json in Resources */,
				000000000000000000001058 /* LogFixture.json in Resources */,
			);
			runOnlyForDeploymentPostprocessing = 0;
		};
		000000000000000000001082 /* Resources */ = {
			isa = PBXResourcesBuildPhase;
			buildActionMask = 2147483647;
			files = (
			);
			runOnlyForDeploymentPostprocessing = 0;
		};
/* End PBXResourcesBuildPhase section */

/* Begin PBXSourcesBuildPhase section */
		000000000000000000001079 /* Sources */ = {
			isa = PBXSourcesBuildPhase;
			buildActionMask = 2147483647;
			files = (
				000000000000000000001002 /* PhysiqueOSApp.swift in Sources */,
				000000000000000000001004 /* AppEnvironment.swift in Sources */,
				000000000000000000001006 /* AppTab.swift in Sources */,
				000000000000000000001008 /* AppDestination.swift in Sources */,
				00000000000000000000100A /* AppDestinationCoding.swift in Sources */,
				00000000000000000000100C /* HomeReadModel.swift in Sources */,
				00000000000000000000100E /* LogReadModel.swift in Sources */,
				000000000000000000001010 /* DirectWeighInValidation.swift in Sources */,
				000000000000000000001012 /* HomeAPI.swift in Sources */,
				000000000000000000001014 /* LogAPI.swift in Sources */,
				000000000000000000001016 /* PhysiqueOSTheme.swift in Sources */,
				000000000000000000001018 /* IconBadge.swift in Sources */,
				00000000000000000000101A /* CardContainer.swift in Sources */,
				00000000000000000000101C /* SectionHeading.swift in Sources */,
				00000000000000000000101E /* StatusChip.swift in Sources */,
				000000000000000000001020 /* ConfidenceRing.swift in Sources */,
				000000000000000000001022 /* AnimatedProgressBar.swift in Sources */,
				000000000000000000001024 /* MetricRow.swift in Sources */,
				000000000000000000001026 /* Typography.swift in Sources */,
				000000000000000000001028 /* TabPlaceholderView.swift in Sources */,
				00000000000000000000102A /* RootTabView.swift in Sources */,
				00000000000000000000102C /* DestinationPlaceholderView.swift in Sources */,
				00000000000000000000102E /* HomeView.swift in Sources */,
				000000000000000000001030 /* HomeViewModel.swift in Sources */,
				000000000000000000001032 /* HomeHeaderView.swift in Sources */,
				000000000000000000001034 /* HomeHeroCardView.swift in Sources */,
				000000000000000000001036 /* ConfidenceDetailSheet.swift in Sources */,
				000000000000000000001038 /* NextBestActionView.swift in Sources */,
				00000000000000000000103A /* BriefingCardView.swift in Sources */,
				00000000000000000000103C /* GoalRowView.swift in Sources */,
				00000000000000000000103E /* FocusTileView.swift in Sources */,
				000000000000000000001040 /* TodaysFocusCardView.swift in Sources */,
				000000000000000000001042 /* LogView.swift in Sources */,
				000000000000000000001044 /* LogViewModel.swift in Sources */,
				000000000000000000001046 /* LogHeaderView.swift in Sources */,
				000000000000000000001048 /* LoggedTodayCardView.swift in Sources */,
				00000000000000000000104A /* TrainingLoggerCardView.swift in Sources */,
				00000000000000000000104C /* PendingEvidenceReviewsCardView.swift in Sources */,
				00000000000000000000104E /* UploadCardView.swift in Sources */,
				000000000000000000001050 /* ProgressPlaceholderView.swift in Sources */,
				000000000000000000001052 /* CoachPlaceholderView.swift in Sources */,
				000000000000000000001054 /* ProfilePlaceholderView.swift in Sources */,
			);
			runOnlyForDeploymentPostprocessing = 0;
		};
		000000000000000000001080 /* Sources */ = {
			isa = PBXSourcesBuildPhase;
			buildActionMask = 2147483647;
			files = (
				00000000000000000000105A /* AppTabTests.swift in Sources */,
				00000000000000000000105C /* HomeReadModelTests.swift in Sources */,
				00000000000000000000105E /* LogReadModelTests.swift in Sources */,
			);
			runOnlyForDeploymentPostprocessing = 0;
		};
/* End PBXSourcesBuildPhase section */

/* Begin PBXTargetDependency section */
		000000000000000000001083 /* PBXTargetDependency */ = {
			isa = PBXTargetDependency;
			target = 000000000000000000001075 /* PhysiqueOS */;
			targetProxy = 000000000000000000001084 /* PBXContainerItemProxy */;
		};
/* End PBXTargetDependency section */

/* Begin XCBuildConfiguration section */
		000000000000000000001073 /* Debug */ = {
			isa = XCBuildConfiguration;
			buildSettings = {
				ALWAYS_SEARCH_USER_PATHS = NO;
				CLANG_ANALYZER_NONNULL = YES;
				CLANG_ANALYZER_NUMBER_OBJECT_CONVERSION = YES_AGGRESSIVE;
				CLANG_CXX_LANGUAGE_STANDARD = "gnu++20";
				CLANG_ENABLE_MODULES = YES;
				CLANG_ENABLE_OBJC_ARC = YES;
				CLANG_ENABLE_OBJC_WEAK = YES;
				CLANG_WARN_BLOCK_CAPTURE_AUTORELEASING = YES;
				CLANG_WARN_BOOL_CONVERSION = YES;
				CLANG_WARN_COMMA = YES;
				CLANG_WARN_CONSTANT_CONVERSION = YES;
				CLANG_WARN_DEPRECATED_OBJC_IMPLEMENTATIONS = YES;
				CLANG_WARN_DIRECT_OBJC_ISA_USAGE = YES_ERROR;
				CLANG_WARN_DOCUMENTATION_COMMENTS = YES;
				CLANG_WARN_EMPTY_BODY = YES;
				CLANG_WARN_ENUM_CONVERSION = YES;
				CLANG_WARN_INFINITE_RECURSION = YES;
				CLANG_WARN_INT_CONVERSION = YES;
				CLANG_WARN_NON_LITERAL_NULL_CONVERSION = YES;
				CLANG_WARN_OBJC_IMPLICIT_RETAIN_SELF = YES;
				CLANG_WARN_OBJC_LITERAL_CONVERSION = YES;
				CLANG_WARN_OBJC_ROOT_CLASS = YES_ERROR;
				CLANG_WARN_QUOTED_INCLUDE_IN_FRAMEWORK_HEADER = YES;
				CLANG_WARN_RANGE_LOOP_ANALYSIS = YES;
				CLANG_WARN_STRICT_PROTOTYPES = YES;
				CLANG_WARN_SUSPICIOUS_MOVE = YES;
				CLANG_WARN_UNGUARDED_AVAILABILITY = YES_AGGRESSIVE;
				CLANG_WARN_UNREACHABLE_CODE = YES;
				CLANG_WARN__DUPLICATE_METHOD_MATCH = YES;
				COPY_PHASE_STRIP = NO;
				ENABLE_STRICT_OBJC_MSGSEND = YES;
				GCC_C_LANGUAGE_STANDARD = gnu17;
				GCC_NO_COMMON_BLOCKS = YES;
				GCC_WARN_64_TO_32_BIT_CONVERSION = YES;
				GCC_WARN_ABOUT_RETURN_TYPE = YES_ERROR;
				GCC_WARN_UNDECLARED_SELECTOR = YES;
				GCC_WARN_UNINITIALIZED_AUTOS = YES_AGGRESSIVE;
				GCC_WARN_UNUSED_FUNCTION = YES;
				GCC_WARN_UNUSED_VARIABLE = YES;
				IPHONEOS_DEPLOYMENT_TARGET = 18.0;
				MTL_ENABLE_DEBUG_INFO = INCLUDE_SOURCE;
				MTL_FAST_MATH = YES;
				SDKROOT = iphoneos;
				SWIFT_VERSION = 6.0;
				CODE_SIGN_IDENTITY = "";
				CODE_SIGNING_ALLOWED = NO;
				CODE_SIGNING_REQUIRED = NO;
				DEBUG_INFORMATION_FORMAT = dwarf;
				ENABLE_TESTABILITY = YES;
				GCC_DYNAMIC_NO_PIC = NO;
				GCC_OPTIMIZATION_LEVEL = 0;
				GCC_PREPROCESSOR_DEFINITIONS = (
					"DEBUG=1",
					"$(inherited)",
				);
				ONLY_ACTIVE_ARCH = YES;
				SWIFT_ACTIVE_COMPILATION_CONDITIONS = "DEBUG $(inherited)";
				SWIFT_OPTIMIZATION_LEVEL = "-Onone";
			};
			name = Debug;
		};
		000000000000000000001074 /* Release */ = {
			isa = XCBuildConfiguration;
			buildSettings = {
				ALWAYS_SEARCH_USER_PATHS = NO;
				CLANG_ANALYZER_NONNULL = YES;
				CLANG_ANALYZER_NUMBER_OBJECT_CONVERSION = YES_AGGRESSIVE;
				CLANG_CXX_LANGUAGE_STANDARD = "gnu++20";
				CLANG_ENABLE_MODULES = YES;
				CLANG_ENABLE_OBJC_ARC = YES;
				CLANG_ENABLE_OBJC_WEAK = YES;
				CLANG_WARN_BLOCK_CAPTURE_AUTORELEASING = YES;
				CLANG_WARN_BOOL_CONVERSION = YES;
				CLANG_WARN_COMMA = YES;
				CLANG_WARN_CONSTANT_CONVERSION = YES;
				CLANG_WARN_DEPRECATED_OBJC_IMPLEMENTATIONS = YES;
				CLANG_WARN_DIRECT_OBJC_ISA_USAGE = YES_ERROR;
				CLANG_WARN_DOCUMENTATION_COMMENTS = YES;
				CLANG_WARN_EMPTY_BODY = YES;
				CLANG_WARN_ENUM_CONVERSION = YES;
				CLANG_WARN_INFINITE_RECURSION = YES;
				CLANG_WARN_INT_CONVERSION = YES;
				CLANG_WARN_NON_LITERAL_NULL_CONVERSION = YES;
				CLANG_WARN_OBJC_IMPLICIT_RETAIN_SELF = YES;
				CLANG_WARN_OBJC_LITERAL_CONVERSION = YES;
				CLANG_WARN_OBJC_ROOT_CLASS = YES_ERROR;
				CLANG_WARN_QUOTED_INCLUDE_IN_FRAMEWORK_HEADER = YES;
				CLANG_WARN_RANGE_LOOP_ANALYSIS = YES;
				CLANG_WARN_STRICT_PROTOTYPES = YES;
				CLANG_WARN_SUSPICIOUS_MOVE = YES;
				CLANG_WARN_UNGUARDED_AVAILABILITY = YES_AGGRESSIVE;
				CLANG_WARN_UNREACHABLE_CODE = YES;
				CLANG_WARN__DUPLICATE_METHOD_MATCH = YES;
				COPY_PHASE_STRIP = NO;
				ENABLE_STRICT_OBJC_MSGSEND = YES;
				GCC_C_LANGUAGE_STANDARD = gnu17;
				GCC_NO_COMMON_BLOCKS = YES;
				GCC_WARN_64_TO_32_BIT_CONVERSION = YES;
				GCC_WARN_ABOUT_RETURN_TYPE = YES_ERROR;
				GCC_WARN_UNDECLARED_SELECTOR = YES;
				GCC_WARN_UNINITIALIZED_AUTOS = YES_AGGRESSIVE;
				GCC_WARN_UNUSED_FUNCTION = YES;
				GCC_WARN_UNUSED_VARIABLE = YES;
				IPHONEOS_DEPLOYMENT_TARGET = 18.0;
				MTL_ENABLE_DEBUG_INFO = INCLUDE_SOURCE;
				MTL_FAST_MATH = YES;
				SDKROOT = iphoneos;
				SWIFT_VERSION = 6.0;
				CODE_SIGN_IDENTITY = "";
				CODE_SIGNING_ALLOWED = NO;
				CODE_SIGNING_REQUIRED = NO;
				DEBUG_INFORMATION_FORMAT = "dwarf-with-dsym";
				ENABLE_NS_ASSERTIONS = NO;
				MTL_ENABLE_DEBUG_INFO = NO;
				SWIFT_COMPILATION_MODE = wholemodule;
				VALIDATE_PRODUCT = YES;
			};
			name = Release;
		};
		000000000000000000001077 /* Debug */ = {
			isa = XCBuildConfiguration;
			buildSettings = {
				ASSETCATALOG_COMPILER_GENERATE_SWIFT_ASSET_SYMBOL_EXTENSIONS = YES;
				CODE_SIGN_STYLE = Automatic;
				CURRENT_PROJECT_VERSION = 1;
				GENERATE_INFOPLIST_FILE = YES;
				INFOPLIST_KEY_UIApplicationSceneManifest_Generation = YES;
				INFOPLIST_KEY_UIApplicationSupportsIndirectInputEvents = YES;
				INFOPLIST_KEY_UILaunchScreen_Generation = YES;
				INFOPLIST_KEY_UISupportedInterfaceOrientations_iPhone = "UIInterfaceOrientationPortrait UIInterfaceOrientationLandscapeLeft UIInterfaceOrientationLandscapeRight";
				INFOPLIST_KEY_UISupportedInterfaceOrientations_iPad = "UIInterfaceOrientationPortrait UIInterfaceOrientationPortraitUpsideDown UIInterfaceOrientationLandscapeLeft UIInterfaceOrientationLandscapeRight";
				LD_RUNPATH_SEARCH_PATHS = (
					"$(inherited)",
					"@executable_path/Frameworks",
				);
				MARKETING_VERSION = 1.0;
				PRODUCT_BUNDLE_IDENTIFIER = com.physiqueos.native.dev;
				PRODUCT_NAME = "$(TARGET_NAME)";
				SWIFT_EMIT_LOC_STRINGS = YES;
				TARGETED_DEVICE_FAMILY = "1,2";
			};
			name = Debug;
		};
		000000000000000000001078 /* Release */ = {
			isa = XCBuildConfiguration;
			buildSettings = {
				ASSETCATALOG_COMPILER_GENERATE_SWIFT_ASSET_SYMBOL_EXTENSIONS = YES;
				CODE_SIGN_STYLE = Automatic;
				CURRENT_PROJECT_VERSION = 1;
				GENERATE_INFOPLIST_FILE = YES;
				INFOPLIST_KEY_UIApplicationSceneManifest_Generation = YES;
				INFOPLIST_KEY_UIApplicationSupportsIndirectInputEvents = YES;
				INFOPLIST_KEY_UILaunchScreen_Generation = YES;
				INFOPLIST_KEY_UISupportedInterfaceOrientations_iPhone = "UIInterfaceOrientationPortrait UIInterfaceOrientationLandscapeLeft UIInterfaceOrientationLandscapeRight";
				INFOPLIST_KEY_UISupportedInterfaceOrientations_iPad = "UIInterfaceOrientationPortrait UIInterfaceOrientationPortraitUpsideDown UIInterfaceOrientationLandscapeLeft UIInterfaceOrientationLandscapeRight";
				LD_RUNPATH_SEARCH_PATHS = (
					"$(inherited)",
					"@executable_path/Frameworks",
				);
				MARKETING_VERSION = 1.0;
				PRODUCT_BUNDLE_IDENTIFIER = com.physiqueos.native.dev;
				PRODUCT_NAME = "$(TARGET_NAME)";
				SWIFT_EMIT_LOC_STRINGS = YES;
				TARGETED_DEVICE_FAMILY = "1,2";
			};
			name = Release;
		};
		00000000000000000000107E /* Debug */ = {
			isa = XCBuildConfiguration;
			buildSettings = {
				BUNDLE_LOADER = "$(TEST_HOST)";
				CODE_SIGN_STYLE = Automatic;
				CURRENT_PROJECT_VERSION = 1;
				GENERATE_INFOPLIST_FILE = YES;
				MARKETING_VERSION = 1.0;
				PRODUCT_BUNDLE_IDENTIFIER = com.physiqueos.native.dev.Tests;
				PRODUCT_NAME = "$(TARGET_NAME)";
				SWIFT_EMIT_LOC_STRINGS = NO;
				TARGETED_DEVICE_FAMILY = "1,2";
				TEST_HOST = "$(BUILT_PRODUCTS_DIR)/PhysiqueOS.app/PhysiqueOS";
			};
			name = Debug;
		};
		00000000000000000000107F /* Release */ = {
			isa = XCBuildConfiguration;
			buildSettings = {
				BUNDLE_LOADER = "$(TEST_HOST)";
				CODE_SIGN_STYLE = Automatic;
				CURRENT_PROJECT_VERSION = 1;
				GENERATE_INFOPLIST_FILE = YES;
				MARKETING_VERSION = 1.0;
				PRODUCT_BUNDLE_IDENTIFIER = com.physiqueos.native.dev.Tests;
				PRODUCT_NAME = "$(TARGET_NAME)";
				SWIFT_EMIT_LOC_STRINGS = NO;
				TARGETED_DEVICE_FAMILY = "1,2";
				TEST_HOST = "$(BUILT_PRODUCTS_DIR)/PhysiqueOS.app/PhysiqueOS";
			};
			name = Release;
		};
/* End XCBuildConfiguration section */

/* Begin XCConfigurationList section */
		000000000000000000001072 /* Build configuration list for PBXProject "PhysiqueOS" */ = {
			isa = XCConfigurationList;
			buildConfigurations = (
				000000000000000000001073 /* Debug */,
				000000000000000000001074 /* Release */,
			);
			defaultConfigurationIsVisible = 0;
			defaultConfigurationName = Release;
		};
		000000000000000000001076 /* Build configuration list for PBXNativeTarget "PhysiqueOS" */ = {
			isa = XCConfigurationList;
			buildConfigurations = (
				000000000000000000001077 /* Debug */,
				000000000000000000001078 /* Release */,
			);
			defaultConfigurationIsVisible = 0;
			defaultConfigurationName = Release;
		};
		00000000000000000000107D /* Build configuration list for PBXNativeTarget "PhysiqueOSTests" */ = {
			isa = XCConfigurationList;
			buildConfigurations = (
				00000000000000000000107E /* Debug */,
				00000000000000000000107F /* Release */,
			);
			defaultConfigurationIsVisible = 0;
			defaultConfigurationName = Release;
		};
/* End XCConfigurationList section */
	};
	rootObject = 000000000000000000001071 /* Project object */;
}
